// !$*UTF8*$!
{
	archiveVersion = 1;
	classes = {
	};
	objectVersion = 56;
	objects = {

/* Begin PBXBuildFile section */
		291CFDB82AF4BA1900A82028 /* CastDetailsInteractor.swift in Sources */ = {isa = PBXBuildFile; fileRef = 291CFDB72AF4BA1900A82028 /* CastDetailsInteractor.swift */; };
		291CFDBA2AF4BA2000A82028 /* CastDetailsPresenter.swift in Sources */ = {isa = PBXBuildFile; fileRef = 291CFDB92AF4BA2000A82028 /* CastDetailsPresenter.swift */; };
		291CFDBE2AF4BA2F00A82028 /* CastDetailsRouter.swift in Sources */ = {isa = PBXBuildFile; fileRef = 291CFDBD2AF4BA2F00A82028 /* CastDetailsRouter.swift */; };
		291CFDC12AF4E47F00A82028 /* YoutubeCVCell.swift in Sources */ = {isa = PBXBuildFile; fileRef = 291CFDC02AF4E47F00A82028 /* YoutubeCVCell.swift */; };
		291CFDC32AF4F2CD00A82028 /* VideoModel.swift in Sources */ = {isa = PBXBuildFile; fileRef = 291CFDC22AF4F2CD00A82028 /* VideoModel.swift */; };
		291CFDC52AF5014800A82028 /* HomeProtocols.swift in Sources */ = {isa = PBXBuildFile; fileRef = 291CFDC42AF5014800A82028 /* HomeProtocols.swift */; };
		291CFDC72AF501A500A82028 /* MoviesProtocol.swift in Sources */ = {isa = PBXBuildFile; fileRef = 291CFDC62AF501A500A82028 /* MoviesProtocol.swift */; };
		291CFDC92AF501E000A82028 /* TVShowProtocols.swift in Sources */ = {isa = PBXBuildFile; fileRef = 291CFDC82AF501E000A82028 /* TVShowProtocols.swift */; };
		291CFDCB2AF5030000A82028 /* MovieDetailsProtocols.swift in Sources */ = {isa = PBXBuildFile; fileRef = 291CFDCA2AF5030000A82028 /* MovieDetailsProtocols.swift */; };
		291CFDCD2AF5034700A82028 /* TVShowDetailsProtocols.swift in Sources */ = {isa = PBXBuildFile; fileRef = 291CFDCC2AF5034700A82028 /* TVShowDetailsProtocols.swift */; };
		291CFDCF2AF503D600A82028 /* CastDetailsProtocols.swift in Sources */ = {isa = PBXBuildFile; fileRef = 291CFDCE2AF503D600A82028 /* CastDetailsProtocols.swift */; };
		291CFDD62AF8D0F200A82028 /* MockCommonRepository.swift in Sources */ = {isa = PBXBuildFile; fileRef = 291CFDD52AF8D0F200A82028 /* MockCommonRepository.swift */; };
		291CFDD92AF8D19F00A82028 /* MockMovieData.swift in Sources */ = {isa = PBXBuildFile; fileRef = 291CFDD82AF8D19F00A82028 /* MockMovieData.swift */; };
		291CFDDB2AF8D4CF00A82028 /* HomeTest.swift in Sources */ = {isa = PBXBuildFile; fileRef = 291CFDDA2AF8D4CF00A82028 /* HomeTest.swift */; };
		291CFDE22AF8F29E00A82028 /* MockMovieDetailsData.swift in Sources */ = {isa = PBXBuildFile; fileRef = 291CFDE12AF8F29E00A82028 /* MockMovieDetailsData.swift */; };
		291CFDE42AF8F94900A82028 /* MovieTest.swift in Sources */ = {isa = PBXBuildFile; fileRef = 291CFDE32AF8F94900A82028 /* MovieTest.swift */; };
		291CFDE62AF8FA5600A82028 /* MockTVShowData.swift in Sources */ = {isa = PBXBuildFile; fileRef = 291CFDE52AF8FA5600A82028 /* MockTVShowData.swift */; };
		291CFDEA2AF8FC4B00A82028 /* TVShowTest.swift in Sources */ = {isa = PBXBuildFile; fileRef = 291CFDE92AF8FC4B00A82028 /* TVShowTest.swift */; };
		2952E3CC2AF3905100EAE371 /* CustomCVModel.swift in Sources */ = {isa = PBXBuildFile; fileRef = 2952E3CB2AF3905100EAE371 /* CustomCVModel.swift */; };
		2952E3CE2AF3B19B00EAE371 /* StringExtension.swift in Sources */ = {isa = PBXBuildFile; fileRef = 2952E3CD2AF3B19B00EAE371 /* StringExtension.swift */; };
		2952E3D02AF3D93000EAE371 /* LabelExtension.swift in Sources */ = {isa = PBXBuildFile; fileRef = 2952E3CF2AF3D93000EAE371 /* LabelExtension.swift */; };
		2952E3D22AF3E03500EAE371 /* TVShowDetailsInteractor.swift in Sources */ = {isa = PBXBuildFile; fileRef = 2952E3D12AF3E03500EAE371 /* TVShowDetailsInteractor.swift */; };
		2952E3D42AF3E04200EAE371 /* TVShowDetailsPresenter.swift in Sources */ = {isa = PBXBuildFile; fileRef = 2952E3D32AF3E04200EAE371 /* TVShowDetailsPresenter.swift */; };
		2952E3D62AF3E04C00EAE371 /* TVShowDetailsRouter.swift in Sources */ = {isa = PBXBuildFile; fileRef = 2952E3D52AF3E04C00EAE371 /* TVShowDetailsRouter.swift */; };
		2952E3D82AF3E06000EAE371 /* TVShowDetailsEntity.swift in Sources */ = {isa = PBXBuildFile; fileRef = 2952E3D72AF3E06000EAE371 /* TVShowDetailsEntity.swift */; };
		2982CA3C2AFB491A00BCB35E /* MockCombineCastData.swift in Sources */ = {isa = PBXBuildFile; fileRef = 2982CA3B2AFB491A00BCB35E /* MockCombineCastData.swift */; };
		2982CA3E2AFB4B8800BCB35E /* MockCastImageData.swift in Sources */ = {isa = PBXBuildFile; fileRef = 2982CA3D2AFB4B8800BCB35E /* MockCastImageData.swift */; };
		2982CA402AFB563800BCB35E /* MockVideoMovieData.swift in Sources */ = {isa = PBXBuildFile; fileRef = 2982CA3F2AFB563800BCB35E /* MockVideoMovieData.swift */; };
		2982CA422AFB57BB00BCB35E /* MockTopRatedMovieData.swift in Sources */ = {isa = PBXBuildFile; fileRef = 2982CA412AFB57BB00BCB35E /* MockTopRatedMovieData.swift */; };
		2982CA442AFB580300BCB35E /* MockUpcomingData.swift in Sources */ = {isa = PBXBuildFile; fileRef = 2982CA432AFB580300BCB35E /* MockUpcomingData.swift */; };
		2982CA462AFB584D00BCB35E /* MockNowPlayingData.swift in Sources */ = {isa = PBXBuildFile; fileRef = 2982CA452AFB584D00BCB35E /* MockNowPlayingData.swift */; };
		2982CA482AFB58DF00BCB35E /* MockVideoTVData.swift in Sources */ = {isa = PBXBuildFile; fileRef = 2982CA472AFB58DF00BCB35E /* MockVideoTVData.swift */; };
		29AEC6722AF0F2B700FBE8B2 /* GenreCVCell.swift in Sources */ = {isa = PBXBuildFile; fileRef = 29AEC6712AF0F2B700FBE8B2 /* GenreCVCell.swift */; };
		29B037B62AF23BDD00354BED /* MovieDetailsInteractor.swift in Sources */ = {isa = PBXBuildFile; fileRef = 29B037B52AF23BDD00354BED /* MovieDetailsInteractor.swift */; };
		29B037B82AF23BE500354BED /* MovieDetailsPresenter.swift in Sources */ = {isa = PBXBuildFile; fileRef = 29B037B72AF23BE500354BED /* MovieDetailsPresenter.swift */; };
		29B037BA2AF23BEF00354BED /* MovieDetailsRouter.swift in Sources */ = {isa = PBXBuildFile; fileRef = 29B037B92AF23BEF00354BED /* MovieDetailsRouter.swift */; };
		29B037BC2AF23C0100354BED /* MovieDetailsEntity.swift in Sources */ = {isa = PBXBuildFile; fileRef = 29B037BB2AF23C0100354BED /* MovieDetailsEntity.swift */; };
		29B037BE2AF283A400354BED /* MovieDetailsHeaderClass.swift in Sources */ = {isa = PBXBuildFile; fileRef = 29B037BD2AF283A400354BED /* MovieDetailsHeaderClass.swift */; };
		29B037C02AF287A700354BED /* ViewExtension.swift in Sources */ = {isa = PBXBuildFile; fileRef = 29B037BF2AF287A700354BED /* ViewExtension.swift */; };
		29D78BDB2AE003F0001673F9 /* AppDelegate.swift in Sources */ = {isa = PBXBuildFile; fileRef = 29D78BDA2AE003F0001673F9 /* AppDelegate.swift */; };
		29D78BDD2AE003F0001673F9 /* SceneDelegate.swift in Sources */ = {isa = PBXBuildFile; fileRef = 29D78BDC2AE003F0001673F9 /* SceneDelegate.swift */; };
		29D78BE52AE003F0001673F9 /* MovieFlix.xcdatamodeld in Sources */ = {isa = PBXBuildFile; fileRef = 29D78BE32AE003F0001673F9 /* MovieFlix.xcdatamodeld */; };
		29D78BE72AE003F1001673F9 /* Assets.xcassets in Resources */ = {isa = PBXBuildFile; fileRef = 29D78BE62AE003F1001673F9 /* Assets.xcassets */; };
		29D78BEA2AE003F1001673F9 /* LaunchScreen.storyboard in Resources */ = {isa = PBXBuildFile; fileRef = 29D78BE82AE003F1001673F9 /* LaunchScreen.storyboard */; };
		29D78BF52AE003F1001673F9 /* MovieFlixTests.swift in Sources */ = {isa = PBXBuildFile; fileRef = 29D78BF42AE003F1001673F9 /* MovieFlixTests.swift */; };
		29D78BFF2AE003F1001673F9 /* MovieFlixUITests.swift in Sources */ = {isa = PBXBuildFile; fileRef = 29D78BFE2AE003F1001673F9 /* MovieFlixUITests.swift */; };
		29D78C012AE003F1001673F9 /* MovieFlixUITestsLaunchTests.swift in Sources */ = {isa = PBXBuildFile; fileRef = 29D78C002AE003F1001673F9 /* MovieFlixUITestsLaunchTests.swift */; };
		29D78C0E2AE11249001673F9 /* MoviewFlixTBC.swift in Sources */ = {isa = PBXBuildFile; fileRef = 29D78C0D2AE11249001673F9 /* MoviewFlixTBC.swift */; };
		29D78C102AE11563001673F9 /* HomeVC.swift in Sources */ = {isa = PBXBuildFile; fileRef = 29D78C0F2AE11563001673F9 /* HomeVC.swift */; };
		29D78C122AE11572001673F9 /* MoviesVC.swift in Sources */ = {isa = PBXBuildFile; fileRef = 29D78C112AE11572001673F9 /* MoviesVC.swift */; };
		29D78C142AE11581001673F9 /* TVShowsVC.swift in Sources */ = {isa = PBXBuildFile; fileRef = 29D78C132AE11581001673F9 /* TVShowsVC.swift */; };
		29D78C162AE115E0001673F9 /* MovieDetailsVC.swift in Sources */ = {isa = PBXBuildFile; fileRef = 29D78C152AE115E0001673F9 /* MovieDetailsVC.swift */; };
		29D78C182AE115F1001673F9 /* TVShowDetailsVC.swift in Sources */ = {isa = PBXBuildFile; fileRef = 29D78C172AE115F1001673F9 /* TVShowDetailsVC.swift */; };
		29D78C1A2AE11603001673F9 /* CastDetailsVC.swift in Sources */ = {isa = PBXBuildFile; fileRef = 29D78C192AE11603001673F9 /* CastDetailsVC.swift */; };
		29D78C3E2AE12F64001673F9 /* APIManager.swift in Sources */ = {isa = PBXBuildFile; fileRef = 29D78C3D2AE12F64001673F9 /* APIManager.swift */; };
		29D78C402AE12FF5001673F9 /* Constants.swift in Sources */ = {isa = PBXBuildFile; fileRef = 29D78C3F2AE12FF5001673F9 /* Constants.swift */; };
		29D78C442AE13204001673F9 /* CommonRepository.swift in Sources */ = {isa = PBXBuildFile; fileRef = 29D78C432AE13204001673F9 /* CommonRepository.swift */; };
		29D78C4A2AE13B08001673F9 /* EndPointMovieItems.swift in Sources */ = {isa = PBXBuildFile; fileRef = 29D78C492AE13B08001673F9 /* EndPointMovieItems.swift */; };
		29D78C4C2AE13BBA001673F9 /* ErrorEnum.swift in Sources */ = {isa = PBXBuildFile; fileRef = 29D78C4B2AE13BBA001673F9 /* ErrorEnum.swift */; };
		29D78C4E2AE14055001673F9 /* HomeEntity.swift in Sources */ = {isa = PBXBuildFile; fileRef = 29D78C4D2AE14055001673F9 /* HomeEntity.swift */; };
		29D78C592AE28E7D001673F9 /* EndPointTVShowItems.swift in Sources */ = {isa = PBXBuildFile; fileRef = 29D78C582AE28E7D001673F9 /* EndPointTVShowItems.swift */; };
		29D78C5B2AE28E94001673F9 /* EndPointApiType.swift in Sources */ = {isa = PBXBuildFile; fileRef = 29D78C5A2AE28E94001673F9 /* EndPointApiType.swift */; };
		29D78C5D2AE28F34001673F9 /* EndPointCastItems.swift in Sources */ = {isa = PBXBuildFile; fileRef = 29D78C5C2AE28F34001673F9 /* EndPointCastItems.swift */; };
		29D78C632AE2B449001673F9 /* CastListModel.swift in Sources */ = {isa = PBXBuildFile; fileRef = 29D78C622AE2B449001673F9 /* CastListModel.swift */; };
		29D78C652AE2B9F4001673F9 /* CastDetailsModel.swift in Sources */ = {isa = PBXBuildFile; fileRef = 29D78C642AE2B9F4001673F9 /* CastDetailsModel.swift */; };
		29D78C672AE2BBA2001673F9 /* CastImageModel.swift in Sources */ = {isa = PBXBuildFile; fileRef = 29D78C662AE2BBA2001673F9 /* CastImageModel.swift */; };
		29D78C692AE2C210001673F9 /* CastMovieTVModel.swift in Sources */ = {isa = PBXBuildFile; fileRef = 29D78C682AE2C210001673F9 /* CastMovieTVModel.swift */; };
		29D78CB62AE8E2F1001673F9 /* HomeInteractor.swift in Sources */ = {isa = PBXBuildFile; fileRef = 29D78CB52AE8E2F1001673F9 /* HomeInteractor.swift */; };
		29D78CB82AE8E303001673F9 /* HomePresenter.swift in Sources */ = {isa = PBXBuildFile; fileRef = 29D78CB72AE8E303001673F9 /* HomePresenter.swift */; };
		29D78CBA2AE8E321001673F9 /* HomeRouter.swift in Sources */ = {isa = PBXBuildFile; fileRef = 29D78CB92AE8E321001673F9 /* HomeRouter.swift */; };
		29D78CBD2AEA269C001673F9 /* MovieTableViewCell.swift in Sources */ = {isa = PBXBuildFile; fileRef = 29D78CBC2AEA269B001673F9 /* MovieTableViewCell.swift */; };
		29D78CBF2AEA286F001673F9 /* UIImageViewExtension.swift in Sources */ = {isa = PBXBuildFile; fileRef = 29D78CBE2AEA286F001673F9 /* UIImageViewExtension.swift */; };
		29D78CC22AEA2D68001673F9 /* RobotoSlab-Medium.ttf in Resources */ = {isa = PBXBuildFile; fileRef = 29D78CC12AEA2D68001673F9 /* RobotoSlab-Medium.ttf */; };
		29D78CC42AEA2D77001673F9 /* RobotoSlab-Light.ttf in Resources */ = {isa = PBXBuildFile; fileRef = 29D78CC32AEA2D77001673F9 /* RobotoSlab-Light.ttf */; };
		29D78CC62AEA2E56001673F9 /* FontExtension.swift in Sources */ = {isa = PBXBuildFile; fileRef = 29D78CC52AEA2E56001673F9 /* FontExtension.swift */; };
		29D78CC82AEA424D001673F9 /* CustomSectionHeaderView.swift in Sources */ = {isa = PBXBuildFile; fileRef = 29D78CC72AEA424D001673F9 /* CustomSectionHeaderView.swift */; };
		29D78CCA2AEA5AEB001673F9 /* CollectionViewCell.swift in Sources */ = {isa = PBXBuildFile; fileRef = 29D78CC92AEA5AEB001673F9 /* CollectionViewCell.swift */; };
		29D78CCC2AEA7094001673F9 /* MovieInteractor.swift in Sources */ = {isa = PBXBuildFile; fileRef = 29D78CCB2AEA7094001673F9 /* MovieInteractor.swift */; };
		29D78CCE2AEA70A2001673F9 /* MoviePresenter.swift in Sources */ = {isa = PBXBuildFile; fileRef = 29D78CCD2AEA70A2001673F9 /* MoviePresenter.swift */; };
		29D78CD02AEA70AC001673F9 /* MovieRouter.swift in Sources */ = {isa = PBXBuildFile; fileRef = 29D78CCF2AEA70AC001673F9 /* MovieRouter.swift */; };
		29D78CD22AEA7278001673F9 /* TVShowInteractor.swift in Sources */ = {isa = PBXBuildFile; fileRef = 29D78CD12AEA7278001673F9 /* TVShowInteractor.swift */; };
		29D78CD42AEA7280001673F9 /* TVShowPresenter.swift in Sources */ = {isa = PBXBuildFile; fileRef = 29D78CD32AEA7280001673F9 /* TVShowPresenter.swift */; };
		29D78CD82AEA7294001673F9 /* TVShowRouter.swift in Sources */ = {isa = PBXBuildFile; fileRef = 29D78CD72AEA7294001673F9 /* TVShowRouter.swift */; };
		29D78CDA2AEB98FA001673F9 /* CollectionViewClass.swift in Sources */ = {isa = PBXBuildFile; fileRef = 29D78CD92AEB98FA001673F9 /* CollectionViewClass.swift */; };
		29D78CDC2AEBE43F001673F9 /* NavigationControllerExtension.swift in Sources */ = {isa = PBXBuildFile; fileRef = 29D78CDB2AEBE43F001673F9 /* NavigationControllerExtension.swift */; };
		29D78CDE2AEBE448001673F9 /* TabBarControllerExtension.swift in Sources */ = {isa = PBXBuildFile; fileRef = 29D78CDD2AEBE448001673F9 /* TabBarControllerExtension.swift */; };
		29D78CE02AEF8A09001673F9 /* MovieEnum.swift in Sources */ = {isa = PBXBuildFile; fileRef = 29D78CDF2AEF8A09001673F9 /* MovieEnum.swift */; };
		29E5F14E2AFA0F6B006E5F75 /* MovieDetailsTest.swift in Sources */ = {isa = PBXBuildFile; fileRef = 29E5F14D2AFA0F6B006E5F75 /* MovieDetailsTest.swift */; };
		29E5F1502AFA1072006E5F75 /* TVShowDetailsTest.swift in Sources */ = {isa = PBXBuildFile; fileRef = 29E5F14F2AFA1072006E5F75 /* TVShowDetailsTest.swift */; };
		29E5F1522AFA107E006E5F75 /* CastDetailsTest.swift in Sources */ = {isa = PBXBuildFile; fileRef = 29E5F1512AFA107E006E5F75 /* CastDetailsTest.swift */; };
		29E5F1542AFA2600006E5F75 /* MockTVShowDetailsData.swift in Sources */ = {isa = PBXBuildFile; fileRef = 29E5F1532AFA2600006E5F75 /* MockTVShowDetailsData.swift */; };
		29E5F1562AFA36B7006E5F75 /* MockCastDetailsData.swift in Sources */ = {isa = PBXBuildFile; fileRef = 29E5F1552AFA36B7006E5F75 /* MockCastDetailsData.swift */; };
		29E5F1582AFA3BE2006E5F75 /* MockMovieCastData.swift in Sources */ = {isa = PBXBuildFile; fileRef = 29E5F1572AFA3BE2006E5F75 /* MockMovieCastData.swift */; };
		29E5F15D2AFA4F3A006E5F75 /* MockTVShowCastData.swift in Sources */ = {isa = PBXBuildFile; fileRef = 29E5F15C2AFA4F3A006E5F75 /* MockTVShowCastData.swift */; };
		5C8E53C65B384278F63F9723 /* Pods_MovieFlix_MovieFlixUITests.framework in Frameworks */ = {isa = PBXBuildFile; fileRef = 89704043250D3FA576EB4B94 /* Pods_MovieFlix_MovieFlixUITests.framework */; };
		6CAC554EF2E3D5F93559196D /* Pods_MovieFlixTests.framework in Frameworks */ = {isa = PBXBuildFile; fileRef = 8DCD1A8BC17958C73092D2C9 /* Pods_MovieFlixTests.framework */; };
		E0FA73760E50AD33391D5FB0 /* Pods_MovieFlix.framework in Frameworks */ = {isa = PBXBuildFile; fileRef = A09AEB160311F0F27B54DBD0 /* Pods_MovieFlix.framework */; };
/* End PBXBuildFile section */

/* Begin PBXContainerItemProxy section */
		29D78BF12AE003F1001673F9 /* PBXContainerItemProxy */ = {
			isa = PBXContainerItemProxy;
			containerPortal = 29D78BCF2AE003F0001673F9 /* Project object */;
			proxyType = 1;
			remoteGlobalIDString = 29D78BD62AE003F0001673F9;
			remoteInfo = MovieFlix;
		};
		29D78BFB2AE003F1001673F9 /* PBXContainerItemProxy */ = {
			isa = PBXContainerItemProxy;
			containerPortal = 29D78BCF2AE003F0001673F9 /* Project object */;
			proxyType = 1;
			remoteGlobalIDString = 29D78BD62AE003F0001673F9;
			remoteInfo = MovieFlix;
		};
/* End PBXContainerItemProxy section */

/* Begin PBXFileReference section */
		234451CE93AABA5FDA67731E /* Pods-MovieFlix-MovieFlixUITests.release.xcconfig */ = {isa = PBXFileReference; includeInIndex = 1; lastKnownFileType = text.xcconfig; name = "Pods-MovieFlix-MovieFlixUITests.release.xcconfig"; path = "Target Support Files/Pods-MovieFlix-MovieFlixUITests/Pods-MovieFlix-MovieFlixUITests.release.xcconfig"; sourceTree = "<group>"; };
		291CFDB72AF4BA1900A82028 /* CastDetailsInteractor.swift */ = {isa = PBXFileReference; lastKnownFileType = sourcecode.swift; path = CastDetailsInteractor.swift; sourceTree = "<group>"; };
		291CFDB92AF4BA2000A82028 /* CastDetailsPresenter.swift */ = {isa = PBXFileReference; lastKnownFileType = sourcecode.swift; path = CastDetailsPresenter.swift; sourceTree = "<group>"; };
		291CFDBD2AF4BA2F00A82028 /* CastDetailsRouter.swift */ = {isa = PBXFileReference; lastKnownFileType = sourcecode.swift; path = CastDetailsRouter.swift; sourceTree = "<group>"; };
		291CFDC02AF4E47F00A82028 /* YoutubeCVCell.swift */ = {isa = PBXFileReference; lastKnownFileType = sourcecode.swift; path = YoutubeCVCell.swift; sourceTree = "<group>"; };
		291CFDC22AF4F2CD00A82028 /* VideoModel.swift */ = {isa = PBXFileReference; lastKnownFileType = sourcecode.swift; path = VideoModel.swift; sourceTree = "<group>"; };
		291CFDC42AF5014800A82028 /* HomeProtocols.swift */ = {isa = PBXFileReference; lastKnownFileType = sourcecode.swift; path = HomeProtocols.swift; sourceTree = "<group>"; };
		291CFDC62AF501A500A82028 /* MoviesProtocol.swift */ = {isa = PBXFileReference; lastKnownFileType = sourcecode.swift; path = MoviesProtocol.swift; sourceTree = "<group>"; };
		291CFDC82AF501E000A82028 /* TVShowProtocols.swift */ = {isa = PBXFileReference; lastKnownFileType = sourcecode.swift; path = TVShowProtocols.swift; sourceTree = "<group>"; };
		291CFDCA2AF5030000A82028 /* MovieDetailsProtocols.swift */ = {isa = PBXFileReference; lastKnownFileType = sourcecode.swift; path = MovieDetailsProtocols.swift; sourceTree = "<group>"; };
		291CFDCC2AF5034700A82028 /* TVShowDetailsProtocols.swift */ = {isa = PBXFileReference; lastKnownFileType = sourcecode.swift; path = TVShowDetailsProtocols.swift; sourceTree = "<group>"; };
		291CFDCE2AF503D600A82028 /* CastDetailsProtocols.swift */ = {isa = PBXFileReference; lastKnownFileType = sourcecode.swift; path = CastDetailsProtocols.swift; sourceTree = "<group>"; };
		291CFDD52AF8D0F200A82028 /* MockCommonRepository.swift */ = {isa = PBXFileReference; lastKnownFileType = sourcecode.swift; path = MockCommonRepository.swift; sourceTree = "<group>"; };
		291CFDD82AF8D19F00A82028 /* MockMovieData.swift */ = {isa = PBXFileReference; lastKnownFileType = sourcecode.swift; path = MockMovieData.swift; sourceTree = "<group>"; };
		291CFDDA2AF8D4CF00A82028 /* HomeTest.swift */ = {isa = PBXFileReference; lastKnownFileType = sourcecode.swift; path = HomeTest.swift; sourceTree = "<group>"; };
		291CFDE12AF8F29E00A82028 /* MockMovieDetailsData.swift */ = {isa = PBXFileReference; lastKnownFileType = sourcecode.swift; path = MockMovieDetailsData.swift; sourceTree = "<group>"; };
		291CFDE32AF8F94900A82028 /* MovieTest.swift */ = {isa = PBXFileReference; lastKnownFileType = sourcecode.swift; path = MovieTest.swift; sourceTree = "<group>"; };
		291CFDE52AF8FA5600A82028 /* MockTVShowData.swift */ = {isa = PBXFileReference; lastKnownFileType = sourcecode.swift; path = MockTVShowData.swift; sourceTree = "<group>"; };
		291CFDE92AF8FC4B00A82028 /* TVShowTest.swift */ = {isa = PBXFileReference; lastKnownFileType = sourcecode.swift; path = TVShowTest.swift; sourceTree = "<group>"; };
		2952E3CB2AF3905100EAE371 /* CustomCVModel.swift */ = {isa = PBXFileReference; lastKnownFileType = sourcecode.swift; path = CustomCVModel.swift; sourceTree = "<group>"; };
		2952E3CD2AF3B19B00EAE371 /* StringExtension.swift */ = {isa = PBXFileReference; lastKnownFileType = sourcecode.swift; path = StringExtension.swift; sourceTree = "<group>"; };
		2952E3CF2AF3D93000EAE371 /* LabelExtension.swift */ = {isa = PBXFileReference; lastKnownFileType = sourcecode.swift; path = LabelExtension.swift; sourceTree = "<group>"; };
		2952E3D12AF3E03500EAE371 /* TVShowDetailsInteractor.swift */ = {isa = PBXFileReference; lastKnownFileType = sourcecode.swift; path = TVShowDetailsInteractor.swift; sourceTree = "<group>"; };
		2952E3D32AF3E04200EAE371 /* TVShowDetailsPresenter.swift */ = {isa = PBXFileReference; lastKnownFileType = sourcecode.swift; path = TVShowDetailsPresenter.swift; sourceTree = "<group>"; };
		2952E3D52AF3E04C00EAE371 /* TVShowDetailsRouter.swift */ = {isa = PBXFileReference; lastKnownFileType = sourcecode.swift; path = TVShowDetailsRouter.swift; sourceTree = "<group>"; };
		2952E3D72AF3E06000EAE371 /* TVShowDetailsEntity.swift */ = {isa = PBXFileReference; lastKnownFileType = sourcecode.swift; path = TVShowDetailsEntity.swift; sourceTree = "<group>"; };
		2982CA3B2AFB491A00BCB35E /* MockCombineCastData.swift */ = {isa = PBXFileReference; lastKnownFileType = sourcecode.swift; path = MockCombineCastData.swift; sourceTree = "<group>"; };
		2982CA3D2AFB4B8800BCB35E /* MockCastImageData.swift */ = {isa = PBXFileReference; lastKnownFileType = sourcecode.swift; path = MockCastImageData.swift; sourceTree = "<group>"; };
		2982CA3F2AFB563800BCB35E /* MockVideoMovieData.swift */ = {isa = PBXFileReference; lastKnownFileType = sourcecode.swift; path = MockVideoMovieData.swift; sourceTree = "<group>"; };
		2982CA412AFB57BB00BCB35E /* MockTopRatedMovieData.swift */ = {isa = PBXFileReference; lastKnownFileType = sourcecode.swift; path = MockTopRatedMovieData.swift; sourceTree = "<group>"; };
		2982CA432AFB580300BCB35E /* MockUpcomingData.swift */ = {isa = PBXFileReference; lastKnownFileType = sourcecode.swift; path = MockUpcomingData.swift; sourceTree = "<group>"; };
		2982CA452AFB584D00BCB35E /* MockNowPlayingData.swift */ = {isa = PBXFileReference; lastKnownFileType = sourcecode.swift; path = MockNowPlayingData.swift; sourceTree = "<group>"; };
		2982CA472AFB58DF00BCB35E /* MockVideoTVData.swift */ = {isa = PBXFileReference; lastKnownFileType = sourcecode.swift; path = MockVideoTVData.swift; sourceTree = "<group>"; };
		29AEC6712AF0F2B700FBE8B2 /* GenreCVCell.swift */ = {isa = PBXFileReference; lastKnownFileType = sourcecode.swift; path = GenreCVCell.swift; sourceTree = "<group>"; };
		29B037B52AF23BDD00354BED /* MovieDetailsInteractor.swift */ = {isa = PBXFileReference; lastKnownFileType = sourcecode.swift; path = MovieDetailsInteractor.swift; sourceTree = "<group>"; };
		29B037B72AF23BE500354BED /* MovieDetailsPresenter.swift */ = {isa = PBXFileReference; lastKnownFileType = sourcecode.swift; path = MovieDetailsPresenter.swift; sourceTree = "<group>"; };
		29B037B92AF23BEF00354BED /* MovieDetailsRouter.swift */ = {isa = PBXFileReference; lastKnownFileType = sourcecode.swift; path = MovieDetailsRouter.swift; sourceTree = "<group>"; };
		29B037BB2AF23C0100354BED /* MovieDetailsEntity.swift */ = {isa = PBXFileReference; lastKnownFileType = sourcecode.swift; path = MovieDetailsEntity.swift; sourceTree = "<group>"; };
		29B037BD2AF283A400354BED /* MovieDetailsHeaderClass.swift */ = {isa = PBXFileReference; lastKnownFileType = sourcecode.swift; path = MovieDetailsHeaderClass.swift; sourceTree = "<group>"; };
		29B037BF2AF287A700354BED /* ViewExtension.swift */ = {isa = PBXFileReference; lastKnownFileType = sourcecode.swift; path = ViewExtension.swift; sourceTree = "<group>"; };
		29D78BD72AE003F0001673F9 /* MovieFlix.app */ = {isa = PBXFileReference; explicitFileType = wrapper.application; includeInIndex = 0; path = MovieFlix.app; sourceTree = BUILT_PRODUCTS_DIR; };
		29D78BDA2AE003F0001673F9 /* AppDelegate.swift */ = {isa = PBXFileReference; lastKnownFileType = sourcecode.swift; path = AppDelegate.swift; sourceTree = "<group>"; };
		29D78BDC2AE003F0001673F9 /* SceneDelegate.swift */ = {isa = PBXFileReference; lastKnownFileType = sourcecode.swift; path = SceneDelegate.swift; sourceTree = "<group>"; };
		29D78BE42AE003F0001673F9 /* MovieFlix.xcdatamodel */ = {isa = PBXFileReference; lastKnownFileType = wrapper.xcdatamodel; path = MovieFlix.xcdatamodel; sourceTree = "<group>"; };
		29D78BE62AE003F1001673F9 /* Assets.xcassets */ = {isa = PBXFileReference; lastKnownFileType = folder.assetcatalog; path = Assets.xcassets; sourceTree = "<group>"; };
		29D78BE92AE003F1001673F9 /* Base */ = {isa = PBXFileReference; lastKnownFileType = file.storyboard; name = Base; path = Base.lproj/LaunchScreen.storyboard; sourceTree = "<group>"; };
		29D78BEB2AE003F1001673F9 /* Info.plist */ = {isa = PBXFileReference; lastKnownFileType = text.plist.xml; path = Info.plist; sourceTree = "<group>"; };
		29D78BF02AE003F1001673F9 /* MovieFlixTests.xctest */ = {isa = PBXFileReference; explicitFileType = wrapper.cfbundle; includeInIndex = 0; path = MovieFlixTests.xctest; sourceTree = BUILT_PRODUCTS_DIR; };
		29D78BF42AE003F1001673F9 /* MovieFlixTests.swift */ = {isa = PBXFileReference; lastKnownFileType = sourcecode.swift; path = MovieFlixTests.swift; sourceTree = "<group>"; };
		29D78BFA2AE003F1001673F9 /* MovieFlixUITests.xctest */ = {isa = PBXFileReference; explicitFileType = wrapper.cfbundle; includeInIndex = 0; path = MovieFlixUITests.xctest; sourceTree = BUILT_PRODUCTS_DIR; };
		29D78BFE2AE003F1001673F9 /* MovieFlixUITests.swift */ = {isa = PBXFileReference; lastKnownFileType = sourcecode.swift; path = MovieFlixUITests.swift; sourceTree = "<group>"; };
		29D78C002AE003F1001673F9 /* MovieFlixUITestsLaunchTests.swift */ = {isa = PBXFileReference; lastKnownFileType = sourcecode.swift; path = MovieFlixUITestsLaunchTests.swift; sourceTree = "<group>"; };
		29D78C0D2AE11249001673F9 /* MoviewFlixTBC.swift */ = {isa = PBXFileReference; lastKnownFileType = sourcecode.swift; path = MoviewFlixTBC.swift; sourceTree = "<group>"; };
		29D78C0F2AE11563001673F9 /* HomeVC.swift */ = {isa = PBXFileReference; lastKnownFileType = sourcecode.swift; path = HomeVC.swift; sourceTree = "<group>"; };
		29D78C112AE11572001673F9 /* MoviesVC.swift */ = {isa = PBXFileReference; lastKnownFileType = sourcecode.swift; path = MoviesVC.swift; sourceTree = "<group>"; };
		29D78C132AE11581001673F9 /* TVShowsVC.swift */ = {isa = PBXFileReference; lastKnownFileType = sourcecode.swift; path = TVShowsVC.swift; sourceTree = "<group>"; };
		29D78C152AE115E0001673F9 /* MovieDetailsVC.swift */ = {isa = PBXFileReference; lastKnownFileType = sourcecode.swift; path = MovieDetailsVC.swift; sourceTree = "<group>"; };
		29D78C172AE115F1001673F9 /* TVShowDetailsVC.swift */ = {isa = PBXFileReference; lastKnownFileType = sourcecode.swift; path = TVShowDetailsVC.swift; sourceTree = "<group>"; };
		29D78C192AE11603001673F9 /* CastDetailsVC.swift */ = {isa = PBXFileReference; lastKnownFileType = sourcecode.swift; path = CastDetailsVC.swift; sourceTree = "<group>"; };
		29D78C3D2AE12F64001673F9 /* APIManager.swift */ = {isa = PBXFileReference; lastKnownFileType = sourcecode.swift; path = APIManager.swift; sourceTree = "<group>"; };
		29D78C3F2AE12FF5001673F9 /* Constants.swift */ = {isa = PBXFileReference; lastKnownFileType = sourcecode.swift; path = Constants.swift; sourceTree = "<group>"; };
		29D78C432AE13204001673F9 /* CommonRepository.swift */ = {isa = PBXFileReference; lastKnownFileType = sourcecode.swift; path = CommonRepository.swift; sourceTree = "<group>"; };
		29D78C492AE13B08001673F9 /* EndPointMovieItems.swift */ = {isa = PBXFileReference; lastKnownFileType = sourcecode.swift; path = EndPointMovieItems.swift; sourceTree = "<group>"; };
		29D78C4B2AE13BBA001673F9 /* ErrorEnum.swift */ = {isa = PBXFileReference; lastKnownFileType = sourcecode.swift; path = ErrorEnum.swift; sourceTree = "<group>"; };
		29D78C4D2AE14055001673F9 /* HomeEntity.swift */ = {isa = PBXFileReference; lastKnownFileType = sourcecode.swift; path = HomeEntity.swift; sourceTree = "<group>"; };
		29D78C582AE28E7D001673F9 /* EndPointTVShowItems.swift */ = {isa = PBXFileReference; lastKnownFileType = sourcecode.swift; path = EndPointTVShowItems.swift; sourceTree = "<group>"; };
		29D78C5A2AE28E94001673F9 /* EndPointApiType.swift */ = {isa = PBXFileReference; lastKnownFileType = sourcecode.swift; path = EndPointApiType.swift; sourceTree = "<group>"; };
		29D78C5C2AE28F34001673F9 /* EndPointCastItems.swift */ = {isa = PBXFileReference; lastKnownFileType = sourcecode.swift; path = EndPointCastItems.swift; sourceTree = "<group>"; };
		29D78C622AE2B449001673F9 /* CastListModel.swift */ = {isa = PBXFileReference; lastKnownFileType = sourcecode.swift; path = CastListModel.swift; sourceTree = "<group>"; };
		29D78C642AE2B9F4001673F9 /* CastDetailsModel.swift */ = {isa = PBXFileReference; lastKnownFileType = sourcecode.swift; path = CastDetailsModel.swift; sourceTree = "<group>"; };
		29D78C662AE2BBA2001673F9 /* CastImageModel.swift */ = {isa = PBXFileReference; lastKnownFileType = sourcecode.swift; path = CastImageModel.swift; sourceTree = "<group>"; };
		29D78C682AE2C210001673F9 /* CastMovieTVModel.swift */ = {isa = PBXFileReference; lastKnownFileType = sourcecode.swift; path = CastMovieTVModel.swift; sourceTree = "<group>"; };
		29D78CB52AE8E2F1001673F9 /* HomeInteractor.swift */ = {isa = PBXFileReference; lastKnownFileType = sourcecode.swift; path = HomeInteractor.swift; sourceTree = "<group>"; };
		29D78CB72AE8E303001673F9 /* HomePresenter.swift */ = {isa = PBXFileReference; lastKnownFileType = sourcecode.swift; path = HomePresenter.swift; sourceTree = "<group>"; };
		29D78CB92AE8E321001673F9 /* HomeRouter.swift */ = {isa = PBXFileReference; lastKnownFileType = sourcecode.swift; path = HomeRouter.swift; sourceTree = "<group>"; };
		29D78CBC2AEA269B001673F9 /* MovieTableViewCell.swift */ = {isa = PBXFileReference; lastKnownFileType = sourcecode.swift; path = MovieTableViewCell.swift; sourceTree = "<group>"; };
		29D78CBE2AEA286F001673F9 /* UIImageViewExtension.swift */ = {isa = PBXFileReference; lastKnownFileType = sourcecode.swift; path = UIImageViewExtension.swift; sourceTree = "<group>"; };
		29D78CC12AEA2D68001673F9 /* RobotoSlab-Medium.ttf */ = {isa = PBXFileReference; lastKnownFileType = file; path = "RobotoSlab-Medium.ttf"; sourceTree = "<group>"; };
		29D78CC32AEA2D77001673F9 /* RobotoSlab-Light.ttf */ = {isa = PBXFileReference; lastKnownFileType = file; path = "RobotoSlab-Light.ttf"; sourceTree = "<group>"; };
		29D78CC52AEA2E56001673F9 /* FontExtension.swift */ = {isa = PBXFileReference; lastKnownFileType = sourcecode.swift; path = FontExtension.swift; sourceTree = "<group>"; };
		29D78CC72AEA424D001673F9 /* CustomSectionHeaderView.swift */ = {isa = PBXFileReference; lastKnownFileType = sourcecode.swift; path = CustomSectionHeaderView.swift; sourceTree = "<group>"; };
		29D78CC92AEA5AEB001673F9 /* CollectionViewCell.swift */ = {isa = PBXFileReference; lastKnownFileType = sourcecode.swift; path = CollectionViewCell.swift; sourceTree = "<group>"; };
		29D78CCB2AEA7094001673F9 /* MovieInteractor.swift */ = {isa = PBXFileReference; lastKnownFileType = sourcecode.swift; path = MovieInteractor.swift; sourceTree = "<group>"; };
		29D78CCD2AEA70A2001673F9 /* MoviePresenter.swift */ = {isa = PBXFileReference; lastKnownFileType = sourcecode.swift; path = MoviePresenter.swift; sourceTree = "<group>"; };
		29D78CCF2AEA70AC001673F9 /* MovieRouter.swift */ = {isa = PBXFileReference; lastKnownFileType = sourcecode.swift; path = MovieRouter.swift; sourceTree = "<group>"; };
		29D78CD12AEA7278001673F9 /* TVShowInteractor.swift */ = {isa = PBXFileReference; lastKnownFileType = sourcecode.swift; path = TVShowInteractor.swift; sourceTree = "<group>"; };
		29D78CD32AEA7280001673F9 /* TVShowPresenter.swift */ = {isa = PBXFileReference; lastKnownFileType = sourcecode.swift; path = TVShowPresenter.swift; sourceTree = "<group>"; };
		29D78CD72AEA7294001673F9 /* TVShowRouter.swift */ = {isa = PBXFileReference; lastKnownFileType = sourcecode.swift; path = TVShowRouter.swift; sourceTree = "<group>"; };
		29D78CD92AEB98FA001673F9 /* CollectionViewClass.swift */ = {isa = PBXFileReference; lastKnownFileType = sourcecode.swift; path = CollectionViewClass.swift; sourceTree = "<group>"; };
		29D78CDB2AEBE43F001673F9 /* NavigationControllerExtension.swift */ = {isa = PBXFileReference; lastKnownFileType = sourcecode.swift; path = NavigationControllerExtension.swift; sourceTree = "<group>"; };
		29D78CDD2AEBE448001673F9 /* TabBarControllerExtension.swift */ = {isa = PBXFileReference; lastKnownFileType = sourcecode.swift; path = TabBarControllerExtension.swift; sourceTree = "<group>"; };
		29D78CDF2AEF8A09001673F9 /* MovieEnum.swift */ = {isa = PBXFileReference; lastKnownFileType = sourcecode.swift; path = MovieEnum.swift; sourceTree = "<group>"; };
		29E5F14D2AFA0F6B006E5F75 /* MovieDetailsTest.swift */ = {isa = PBXFileReference; lastKnownFileType = sourcecode.swift; path = MovieDetailsTest.swift; sourceTree = "<group>"; };
		29E5F14F2AFA1072006E5F75 /* TVShowDetailsTest.swift */ = {isa = PBXFileReference; lastKnownFileType = sourcecode.swift; path = TVShowDetailsTest.swift; sourceTree = "<group>"; };
		29E5F1512AFA107E006E5F75 /* CastDetailsTest.swift */ = {isa = PBXFileReference; lastKnownFileType = sourcecode.swift; path = CastDetailsTest.swift; sourceTree = "<group>"; };
		29E5F1532AFA2600006E5F75 /* MockTVShowDetailsData.swift */ = {isa = PBXFileReference; lastKnownFileType = sourcecode.swift; path = MockTVShowDetailsData.swift; sourceTree = "<group>"; };
		29E5F1552AFA36B7006E5F75 /* MockCastDetailsData.swift */ = {isa = PBXFileReference; lastKnownFileType = sourcecode.swift; path = MockCastDetailsData.swift; sourceTree = "<group>"; };
		29E5F1572AFA3BE2006E5F75 /* MockMovieCastData.swift */ = {isa = PBXFileReference; lastKnownFileType = sourcecode.swift; path = MockMovieCastData.swift; sourceTree = "<group>"; };
		29E5F15C2AFA4F3A006E5F75 /* MockTVShowCastData.swift */ = {isa = PBXFileReference; lastKnownFileType = sourcecode.swift; path = MockTVShowCastData.swift; sourceTree = "<group>"; };
		2D1244EBEF79D3C747C972C9 /* Pods-MovieFlix-MovieFlixUITests.debug.xcconfig */ = {isa = PBXFileReference; includeInIndex = 1; lastKnownFileType = text.xcconfig; name = "Pods-MovieFlix-MovieFlixUITests.debug.xcconfig"; path = "Target Support Files/Pods-MovieFlix-MovieFlixUITests/Pods-MovieFlix-MovieFlixUITests.debug.xcconfig"; sourceTree = "<group>"; };
		3ABD94452D7D07FE8BAA478E /* Pods-MovieFlix.debug.xcconfig */ = {isa = PBXFileReference; includeInIndex = 1; lastKnownFileType = text.xcconfig; name = "Pods-MovieFlix.debug.xcconfig"; path = "Target Support Files/Pods-MovieFlix/Pods-MovieFlix.debug.xcconfig"; sourceTree = "<group>"; };
		403A2E58365D3854D724BAD6 /* Pods-MovieFlixTests.release.xcconfig */ = {isa = PBXFileReference; includeInIndex = 1; lastKnownFileType = text.xcconfig; name = "Pods-MovieFlixTests.release.xcconfig"; path = "Target Support Files/Pods-MovieFlixTests/Pods-MovieFlixTests.release.xcconfig"; sourceTree = "<group>"; };
		5AAE3697C34E8C4225015C6B /* Pods-MovieFlixTests.debug.xcconfig */ = {isa = PBXFileReference; includeInIndex = 1; lastKnownFileType = text.xcconfig; name = "Pods-MovieFlixTests.debug.xcconfig"; path = "Target Support Files/Pods-MovieFlixTests/Pods-MovieFlixTests.debug.xcconfig"; sourceTree = "<group>"; };
		82B41A5FDC945604BBEC606A /* Pods-MovieFlix.release.xcconfig */ = {isa = PBXFileReference; includeInIndex = 1; lastKnownFileType = text.xcconfig; name = "Pods-MovieFlix.release.xcconfig"; path = "Target Support Files/Pods-MovieFlix/Pods-MovieFlix.release.xcconfig"; sourceTree = "<group>"; };
		89704043250D3FA576EB4B94 /* Pods_MovieFlix_MovieFlixUITests.framework */ = {isa = PBXFileReference; explicitFileType = wrapper.framework; includeInIndex = 0; path = Pods_MovieFlix_MovieFlixUITests.framework; sourceTree = BUILT_PRODUCTS_DIR; };
		8DCD1A8BC17958C73092D2C9 /* Pods_MovieFlixTests.framework */ = {isa = PBXFileReference; explicitFileType = wrapper.framework; includeInIndex = 0; path = Pods_MovieFlixTests.framework; sourceTree = BUILT_PRODUCTS_DIR; };
		A09AEB160311F0F27B54DBD0 /* Pods_MovieFlix.framework */ = {isa = PBXFileReference; explicitFileType = wrapper.framework; includeInIndex = 0; path = Pods_MovieFlix.framework; sourceTree = BUILT_PRODUCTS_DIR; };
/* End PBXFileReference section */

/* Begin PBXFrameworksBuildPhase section */
		29D78BD42AE003F0001673F9 /* Frameworks */ = {
			isa = PBXFrameworksBuildPhase;
			buildActionMask = 2147483647;
			files = (
				E0FA73760E50AD33391D5FB0 /* Pods_MovieFlix.framework in Frameworks */,
			);
			runOnlyForDeploymentPostprocessing = 0;
		};
		29D78BED2AE003F1001673F9 /* Frameworks */ = {
			isa = PBXFrameworksBuildPhase;
			buildActionMask = 2147483647;
			files = (
				6CAC554EF2E3D5F93559196D /* Pods_MovieFlixTests.framework in Frameworks */,
			);
			runOnlyForDeploymentPostprocessing = 0;
		};
		29D78BF72AE003F1001673F9 /* Frameworks */ = {
			isa = PBXFrameworksBuildPhase;
			buildActionMask = 2147483647;
			files = (
				5C8E53C65B384278F63F9723 /* Pods_MovieFlix_MovieFlixUITests.framework in Frameworks */,
			);
			runOnlyForDeploymentPostprocessing = 0;
		};
/* End PBXFrameworksBuildPhase section */

/* Begin PBXGroup section */
		291CFDBF2AF4BC5500A82028 /* CastListEntity */ = {
			isa = PBXGroup;
			children = (
				29D78C622AE2B449001673F9 /* CastListModel.swift */,
				29D78C642AE2B9F4001673F9 /* CastDetailsModel.swift */,
				29D78C662AE2BBA2001673F9 /* CastImageModel.swift */,
				29D78C682AE2C210001673F9 /* CastMovieTVModel.swift */,
				291CFDC22AF4F2CD00A82028 /* VideoModel.swift */,
			);
			path = CastListEntity;
			sourceTree = "<group>";
		};
		291CFDD72AF8D18D00A82028 /* MockData */ = {
			isa = PBXGroup;
			children = (
				29E5F15B2AFA4659006E5F75 /* Cast */,
				29E5F15A2AFA4654006E5F75 /* TVShow */,
				29E5F1592AFA464F006E5F75 /* Movie */,
			);
			path = MockData;
			sourceTree = "<group>";
		};
		291CFDDC2AF8F09000A82028 /* MovieFlixTest */ = {
			isa = PBXGroup;
			children = (
				29D78BF42AE003F1001673F9 /* MovieFlixTests.swift */,
				291CFDDA2AF8D4CF00A82028 /* HomeTest.swift */,
				291CFDE32AF8F94900A82028 /* MovieTest.swift */,
				291CFDE92AF8FC4B00A82028 /* TVShowTest.swift */,
				29E5F14D2AFA0F6B006E5F75 /* MovieDetailsTest.swift */,
				29E5F14F2AFA1072006E5F75 /* TVShowDetailsTest.swift */,
				29E5F1512AFA107E006E5F75 /* CastDetailsTest.swift */,
			);
			path = MovieFlixTest;
			sourceTree = "<group>";
		};
		291CFDDD2AF8F0A500A82028 /* MockRepository */ = {
			isa = PBXGroup;
			children = (
				291CFDD52AF8D0F200A82028 /* MockCommonRepository.swift */,
			);
			path = MockRepository;
			sourceTree = "<group>";
		};
		29B037B42AF23BCB00354BED /* View */ = {
			isa = PBXGroup;
			children = (
				29D78C152AE115E0001673F9 /* MovieDetailsVC.swift */,
				29B037BD2AF283A400354BED /* MovieDetailsHeaderClass.swift */,
			);
			path = View;
			sourceTree = "<group>";
		};
		29D78BCE2AE003F0001673F9 = {
			isa = PBXGroup;
			children = (
				29D78BD92AE003F0001673F9 /* MovieFlix */,
				29D78BF32AE003F1001673F9 /* MovieFlixTests */,
				29D78BFD2AE003F1001673F9 /* MovieFlixUITests */,
				29D78BD82AE003F0001673F9 /* Products */,
				AFF4180D7E1FC4E881FD6F8F /* Pods */,
				9CD01C710D5375C7153806DE /* Frameworks */,
			);
			sourceTree = "<group>";
		};
		29D78BD82AE003F0001673F9 /* Products */ = {
			isa = PBXGroup;
			children = (
				29D78BD72AE003F0001673F9 /* MovieFlix.app */,
				29D78BF02AE003F1001673F9 /* MovieFlixTests.xctest */,
				29D78BFA2AE003F1001673F9 /* MovieFlixUITests.xctest */,
			);
			name = Products;
			sourceTree = "<group>";
		};
		29D78BD92AE003F0001673F9 /* MovieFlix */ = {
			isa = PBXGroup;
			children = (
				29D78C232AE12AF8001673F9 /* Application */,
				29D78C1C2AE12A54001673F9 /* Assets */,
				29D78C202AE12A67001673F9 /* Constant */,
				29D78C1F2AE12A65001673F9 /* Enum */,
				29D78C1E2AE12A60001673F9 /* Extensions */,
				29D78CA82AE8E263001673F9 /* Screens */,
				29D78C1D2AE12A5D001673F9 /* Font */,
				29D78C1B2AE12A48001673F9 /* Network */,
				29D78BEB2AE003F1001673F9 /* Info.plist */,
				29D78BE32AE003F0001673F9 /* MovieFlix.xcdatamodeld */,
			);
			path = MovieFlix;
			sourceTree = "<group>";
		};
		29D78BF32AE003F1001673F9 /* MovieFlixTests */ = {
			isa = PBXGroup;
			children = (
				291CFDDC2AF8F09000A82028 /* MovieFlixTest */,
				291CFDDD2AF8F0A500A82028 /* MockRepository */,
				291CFDD72AF8D18D00A82028 /* MockData */,
			);
			path = MovieFlixTests;
			sourceTree = "<group>";
		};
		29D78BFD2AE003F1001673F9 /* MovieFlixUITests */ = {
			isa = PBXGroup;
			children = (
				29D78BFE2AE003F1001673F9 /* MovieFlixUITests.swift */,
				29D78C002AE003F1001673F9 /* MovieFlixUITestsLaunchTests.swift */,
			);
			path = MovieFlixUITests;
			sourceTree = "<group>";
		};
		29D78C1B2AE12A48001673F9 /* Network */ = {
			isa = PBXGroup;
			children = (
				29D78C3D2AE12F64001673F9 /* APIManager.swift */,
				29D78C432AE13204001673F9 /* CommonRepository.swift */,
				29D78C212AE12AD0001673F9 /* Utility */,
			);
			path = Network;
			sourceTree = "<group>";
		};
		29D78C1C2AE12A54001673F9 /* Assets */ = {
			isa = PBXGroup;
			children = (
				29D78BE62AE003F1001673F9 /* Assets.xcassets */,
				29D78BE82AE003F1001673F9 /* LaunchScreen.storyboard */,
			);
			path = Assets;
			sourceTree = "<group>";
		};
		29D78C1D2AE12A5D001673F9 /* Font */ = {
			isa = PBXGroup;
			children = (
				29D78CC12AEA2D68001673F9 /* RobotoSlab-Medium.ttf */,
				29D78CC32AEA2D77001673F9 /* RobotoSlab-Light.ttf */,
			);
			path = Font;
			sourceTree = "<group>";
		};
		29D78C1E2AE12A60001673F9 /* Extensions */ = {
			isa = PBXGroup;
			children = (
				29D78CBE2AEA286F001673F9 /* UIImageViewExtension.swift */,
				29D78CC52AEA2E56001673F9 /* FontExtension.swift */,
				29D78CDB2AEBE43F001673F9 /* NavigationControllerExtension.swift */,
				29D78CDD2AEBE448001673F9 /* TabBarControllerExtension.swift */,
				29B037BF2AF287A700354BED /* ViewExtension.swift */,
				2952E3CD2AF3B19B00EAE371 /* StringExtension.swift */,
				2952E3CF2AF3D93000EAE371 /* LabelExtension.swift */,
			);
			path = Extensions;
			sourceTree = "<group>";
		};
		29D78C1F2AE12A65001673F9 /* Enum */ = {
			isa = PBXGroup;
			children = (
				29D78C4B2AE13BBA001673F9 /* ErrorEnum.swift */,
				29D78CDF2AEF8A09001673F9 /* MovieEnum.swift */,
			);
			path = Enum;
			sourceTree = "<group>";
		};
		29D78C202AE12A67001673F9 /* Constant */ = {
			isa = PBXGroup;
			children = (
				29D78C3F2AE12FF5001673F9 /* Constants.swift */,
			);
			path = Constant;
			sourceTree = "<group>";
		};
		29D78C212AE12AD0001673F9 /* Utility */ = {
			isa = PBXGroup;
			children = (
				29D78C5A2AE28E94001673F9 /* EndPointApiType.swift */,
				29D78C492AE13B08001673F9 /* EndPointMovieItems.swift */,
				29D78C582AE28E7D001673F9 /* EndPointTVShowItems.swift */,
				29D78C5C2AE28F34001673F9 /* EndPointCastItems.swift */,
			);
			path = Utility;
			sourceTree = "<group>";
		};
		29D78C232AE12AF8001673F9 /* Application */ = {
			isa = PBXGroup;
			children = (
				29D78BDA2AE003F0001673F9 /* AppDelegate.swift */,
				29D78BDC2AE003F0001673F9 /* SceneDelegate.swift */,
			);
			path = Application;
			sourceTree = "<group>";
		};
		29D78C612AE2953A001673F9 /* Tabbar */ = {
			isa = PBXGroup;
			children = (
				29D78C0D2AE11249001673F9 /* MoviewFlixTBC.swift */,
			);
			path = Tabbar;
			sourceTree = "<group>";
		};
		29D78CA82AE8E263001673F9 /* Screens */ = {
			isa = PBXGroup;
			children = (
				29D78CE32AF0BC52001673F9 /* CollectionViewClassAndCell */,
				29D78C612AE2953A001673F9 /* Tabbar */,
				29D78CAF2AE8E281001673F9 /* Home */,
				29D78CAE2AE8E27E001673F9 /* Movie */,
				29D78CAD2AE8E27D001673F9 /* TVShow */,
				29D78CAC2AE8E27B001673F9 /* MovieDetails */,
				29D78CAB2AE8E279001673F9 /* TVShowDetails */,
				29D78CAA2AE8E277001673F9 /* CastDetails */,
			);
			path = Screens;
			sourceTree = "<group>";
		};
		29D78CAA2AE8E277001673F9 /* CastDetails */ = {
			isa = PBXGroup;
			children = (
				291CFDBF2AF4BC5500A82028 /* CastListEntity */,
				29D78C192AE11603001673F9 /* CastDetailsVC.swift */,
				291CFDB72AF4BA1900A82028 /* CastDetailsInteractor.swift */,
				291CFDB92AF4BA2000A82028 /* CastDetailsPresenter.swift */,
				291CFDBD2AF4BA2F00A82028 /* CastDetailsRouter.swift */,
				291CFDCE2AF503D600A82028 /* CastDetailsProtocols.swift */,
			);
			path = CastDetails;
			sourceTree = "<group>";
		};
		29D78CAB2AE8E279001673F9 /* TVShowDetails */ = {
			isa = PBXGroup;
			children = (
				29D78C172AE115F1001673F9 /* TVShowDetailsVC.swift */,
				2952E3D12AF3E03500EAE371 /* TVShowDetailsInteractor.swift */,
				2952E3D32AF3E04200EAE371 /* TVShowDetailsPresenter.swift */,
				2952E3D52AF3E04C00EAE371 /* TVShowDetailsRouter.swift */,
				2952E3D72AF3E06000EAE371 /* TVShowDetailsEntity.swift */,
				291CFDCC2AF5034700A82028 /* TVShowDetailsProtocols.swift */,
			);
			path = TVShowDetails;
			sourceTree = "<group>";
		};
		29D78CAC2AE8E27B001673F9 /* MovieDetails */ = {
			isa = PBXGroup;
			children = (
				29B037B42AF23BCB00354BED /* View */,
				29B037B52AF23BDD00354BED /* MovieDetailsInteractor.swift */,
				29B037B72AF23BE500354BED /* MovieDetailsPresenter.swift */,
				29B037BB2AF23C0100354BED /* MovieDetailsEntity.swift */,
				29B037B92AF23BEF00354BED /* MovieDetailsRouter.swift */,
				291CFDCA2AF5030000A82028 /* MovieDetailsProtocols.swift */,
			);
			path = MovieDetails;
			sourceTree = "<group>";
		};
		29D78CAD2AE8E27D001673F9 /* TVShow */ = {
			isa = PBXGroup;
			children = (
				29D78C132AE11581001673F9 /* TVShowsVC.swift */,
				29D78CD12AEA7278001673F9 /* TVShowInteractor.swift */,
				29D78CD32AEA7280001673F9 /* TVShowPresenter.swift */,
				29D78CD72AEA7294001673F9 /* TVShowRouter.swift */,
				291CFDC82AF501E000A82028 /* TVShowProtocols.swift */,
			);
			path = TVShow;
			sourceTree = "<group>";
		};
		29D78CAE2AE8E27E001673F9 /* Movie */ = {
			isa = PBXGroup;
			children = (
				29D78C112AE11572001673F9 /* MoviesVC.swift */,
				29D78CCB2AEA7094001673F9 /* MovieInteractor.swift */,
				29D78CCD2AEA70A2001673F9 /* MoviePresenter.swift */,
				29D78CCF2AEA70AC001673F9 /* MovieRouter.swift */,
				291CFDC62AF501A500A82028 /* MoviesProtocol.swift */,
			);
			path = Movie;
			sourceTree = "<group>";
		};
		29D78CAF2AE8E281001673F9 /* Home */ = {
			isa = PBXGroup;
			children = (
				29D78CBB2AE93FA1001673F9 /* View */,
				29D78C4D2AE14055001673F9 /* HomeEntity.swift */,
				29D78CB52AE8E2F1001673F9 /* HomeInteractor.swift */,
				29D78CB72AE8E303001673F9 /* HomePresenter.swift */,
				29D78CB92AE8E321001673F9 /* HomeRouter.swift */,
				291CFDC42AF5014800A82028 /* HomeProtocols.swift */,
			);
			path = Home;
			sourceTree = "<group>";
		};
		29D78CBB2AE93FA1001673F9 /* View */ = {
			isa = PBXGroup;
			children = (
				29D78C0F2AE11563001673F9 /* HomeVC.swift */,
				29D78CBC2AEA269B001673F9 /* MovieTableViewCell.swift */,
				29D78CC72AEA424D001673F9 /* CustomSectionHeaderView.swift */,
				29AEC6712AF0F2B700FBE8B2 /* GenreCVCell.swift */,
			);
			path = View;
			sourceTree = "<group>";
		};
		29D78CE32AF0BC52001673F9 /* CollectionViewClassAndCell */ = {
			isa = PBXGroup;
			children = (
				2952E3CB2AF3905100EAE371 /* CustomCVModel.swift */,
				29D78CD92AEB98FA001673F9 /* CollectionViewClass.swift */,
				29D78CC92AEA5AEB001673F9 /* CollectionViewCell.swift */,
				291CFDC02AF4E47F00A82028 /* YoutubeCVCell.swift */,
			);
			path = CollectionViewClassAndCell;
			sourceTree = "<group>";
		};
		29E5F1592AFA464F006E5F75 /* Movie */ = {
			isa = PBXGroup;
			children = (
				291CFDD82AF8D19F00A82028 /* MockMovieData.swift */,
				291CFDE12AF8F29E00A82028 /* MockMovieDetailsData.swift */,
				2982CA3F2AFB563800BCB35E /* MockVideoMovieData.swift */,
				2982CA412AFB57BB00BCB35E /* MockTopRatedMovieData.swift */,
				2982CA432AFB580300BCB35E /* MockUpcomingData.swift */,
				2982CA452AFB584D00BCB35E /* MockNowPlayingData.swift */,
			);
			path = Movie;
			sourceTree = "<group>";
		};
		29E5F15A2AFA4654006E5F75 /* TVShow */ = {
			isa = PBXGroup;
			children = (
				291CFDE52AF8FA5600A82028 /* MockTVShowData.swift */,
				29E5F1532AFA2600006E5F75 /* MockTVShowDetailsData.swift */,
				2982CA472AFB58DF00BCB35E /* MockVideoTVData.swift */,
			);
			path = TVShow;
			sourceTree = "<group>";
		};
		29E5F15B2AFA4659006E5F75 /* Cast */ = {
			isa = PBXGroup;
			children = (
				29E5F1552AFA36B7006E5F75 /* MockCastDetailsData.swift */,
				29E5F1572AFA3BE2006E5F75 /* MockMovieCastData.swift */,
				29E5F15C2AFA4F3A006E5F75 /* MockTVShowCastData.swift */,
				2982CA3B2AFB491A00BCB35E /* MockCombineCastData.swift */,
				2982CA3D2AFB4B8800BCB35E /* MockCastImageData.swift */,
			);
			path = Cast;
			sourceTree = "<group>";
		};
		9CD01C710D5375C7153806DE /* Frameworks */ = {
			isa = PBXGroup;
			children = (
				A09AEB160311F0F27B54DBD0 /* Pods_MovieFlix.framework */,
				89704043250D3FA576EB4B94 /* Pods_MovieFlix_MovieFlixUITests.framework */,
				8DCD1A8BC17958C73092D2C9 /* Pods_MovieFlixTests.framework */,
			);
			name = Frameworks;
			sourceTree = "<group>";
		};
		AFF4180D7E1FC4E881FD6F8F /* Pods */ = {
			isa = PBXGroup;
			children = (
				3ABD94452D7D07FE8BAA478E /* Pods-MovieFlix.debug.xcconfig */,
				82B41A5FDC945604BBEC606A /* Pods-MovieFlix.release.xcconfig */,
				2D1244EBEF79D3C747C972C9 /* Pods-MovieFlix-MovieFlixUITests.debug.xcconfig */,
				234451CE93AABA5FDA67731E /* Pods-MovieFlix-MovieFlixUITests.release.xcconfig */,
				5AAE3697C34E8C4225015C6B /* Pods-MovieFlixTests.debug.xcconfig */,
				403A2E58365D3854D724BAD6 /* Pods-MovieFlixTests.release.xcconfig */,
			);
			path = Pods;
			sourceTree = "<group>";
		};
/* End PBXGroup section */

/* Begin PBXNativeTarget section */
		29D78BD62AE003F0001673F9 /* MovieFlix */ = {
			isa = PBXNativeTarget;
			buildConfigurationList = 29D78C042AE003F1001673F9 /* Build configuration list for PBXNativeTarget "MovieFlix" */;
			buildPhases = (
				1507BAB6AA5FC5278E5C8B10 /* [CP] Check Pods Manifest.lock */,
				29D78BD32AE003F0001673F9 /* Sources */,
				29D78BD42AE003F0001673F9 /* Frameworks */,
				29D78BD52AE003F0001673F9 /* Resources */,
				31714E35E66E9DC3BE072625 /* [CP] Embed Pods Frameworks */,
				29D78CA72AE8D5FE001673F9 /* ShellScript */,
			);
			buildRules = (
			);
			dependencies = (
			);
			name = MovieFlix;
			productName = MovieFlix;
			productReference = 29D78BD72AE003F0001673F9 /* MovieFlix.app */;
			productType = "com.apple.product-type.application";
		};
		29D78BEF2AE003F1001673F9 /* MovieFlixTests */ = {
			isa = PBXNativeTarget;
			buildConfigurationList = 29D78C072AE003F1001673F9 /* Build configuration list for PBXNativeTarget "MovieFlixTests" */;
			buildPhases = (
				5024879FFC6DC1D760C84A0A /* [CP] Check Pods Manifest.lock */,
				29D78BEC2AE003F1001673F9 /* Sources */,
				29D78BED2AE003F1001673F9 /* Frameworks */,
				29D78BEE2AE003F1001673F9 /* Resources */,
			);
			buildRules = (
			);
			dependencies = (
				29D78BF22AE003F1001673F9 /* PBXTargetDependency */,
			);
			name = MovieFlixTests;
			productName = MovieFlixTests;
			productReference = 29D78BF02AE003F1001673F9 /* MovieFlixTests.xctest */;
			productType = "com.apple.product-type.bundle.unit-test";
		};
		29D78BF92AE003F1001673F9 /* MovieFlixUITests */ = {
			isa = PBXNativeTarget;
			buildConfigurationList = 29D78C0A2AE003F1001673F9 /* Build configuration list for PBXNativeTarget "MovieFlixUITests" */;
			buildPhases = (
				22F236AC71F773AAAD398CCE /* [CP] Check Pods Manifest.lock */,
				29D78BF62AE003F1001673F9 /* Sources */,
				29D78BF72AE003F1001673F9 /* Frameworks */,
				29D78BF82AE003F1001673F9 /* Resources */,
				9A1ADFDC42CC881FAEE7F5F4 /* [CP] Embed Pods Frameworks */,
			);
			buildRules = (
			);
			dependencies = (
				29D78BFC2AE003F1001673F9 /* PBXTargetDependency */,
			);
			name = MovieFlixUITests;
			productName = MovieFlixUITests;
			productReference = 29D78BFA2AE003F1001673F9 /* MovieFlixUITests.xctest */;
			productType = "com.apple.product-type.bundle.ui-testing";
		};
/* End PBXNativeTarget section */

/* Begin PBXProject section */
		29D78BCF2AE003F0001673F9 /* Project object */ = {
			isa = PBXProject;
			attributes = {
				BuildIndependentTargetsInParallel = 1;
				LastSwiftUpdateCheck = 1430;
				LastUpgradeCheck = 1430;
				TargetAttributes = {
					29D78BD62AE003F0001673F9 = {
						CreatedOnToolsVersion = 14.3.1;
					};
					29D78BEF2AE003F1001673F9 = {
						CreatedOnToolsVersion = 14.3.1;
						TestTargetID = 29D78BD62AE003F0001673F9;
					};
					29D78BF92AE003F1001673F9 = {
						CreatedOnToolsVersion = 14.3.1;
						TestTargetID = 29D78BD62AE003F0001673F9;
					};
				};
			};
			buildConfigurationList = 29D78BD22AE003F0001673F9 /* Build configuration list for PBXProject "MovieFlix" */;
			compatibilityVersion = "Xcode 14.0";
			developmentRegion = en;
			hasScannedForEncodings = 0;
			knownRegions = (
				en,
				Base,
			);
			mainGroup = 29D78BCE2AE003F0001673F9;
			productRefGroup = 29D78BD82AE003F0001673F9 /* Products */;
			projectDirPath = "";
			projectRoot = "";
			targets = (
				29D78BD62AE003F0001673F9 /* MovieFlix */,
				29D78BEF2AE003F1001673F9 /* MovieFlixTests */,
				29D78BF92AE003F1001673F9 /* MovieFlixUITests */,
			);
		};
/* End PBXProject section */

/* Begin PBXResourcesBuildPhase section */
		29D78BD52AE003F0001673F9 /* Resources */ = {
			isa = PBXResourcesBuildPhase;
			buildActionMask = 2147483647;
			files = (
				29D78CC42AEA2D77001673F9 /* RobotoSlab-Light.ttf in Resources */,
				29D78CC22AEA2D68001673F9 /* RobotoSlab-Medium.ttf in Resources */,
				29D78BEA2AE003F1001673F9 /* LaunchScreen.storyboard in Resources */,
				29D78BE72AE003F1001673F9 /* Assets.xcassets in Resources */,
			);
			runOnlyForDeploymentPostprocessing = 0;
		};
		29D78BEE2AE003F1001673F9 /* Resources */ = {
			isa = PBXResourcesBuildPhase;
			buildActionMask = 2147483647;
			files = (
			);
			runOnlyForDeploymentPostprocessing = 0;
		};
		29D78BF82AE003F1001673F9 /* Resources */ = {
			isa = PBXResourcesBuildPhase;
			buildActionMask = 2147483647;
			files = (
			);
			runOnlyForDeploymentPostprocessing = 0;
		};
/* End PBXResourcesBuildPhase section */

/* Begin PBXShellScriptBuildPhase section */
		1507BAB6AA5FC5278E5C8B10 /* [CP] Check Pods Manifest.lock */ = {
			isa = PBXShellScriptBuildPhase;
			buildActionMask = 2147483647;
			files = (
			);
			inputFileListPaths = (
			);
			inputPaths = (
				"${PODS_PODFILE_DIR_PATH}/Podfile.lock",
				"${PODS_ROOT}/Manifest.lock",
			);
			name = "[CP] Check Pods Manifest.lock";
			outputFileListPaths = (
			);
			outputPaths = (
				"$(DERIVED_FILE_DIR)/Pods-MovieFlix-checkManifestLockResult.txt",
			);
			runOnlyForDeploymentPostprocessing = 0;
			shellPath = /bin/sh;
			shellScript = "diff \"${PODS_PODFILE_DIR_PATH}/Podfile.lock\" \"${PODS_ROOT}/Manifest.lock\" > /dev/null\nif [ $? != 0 ] ; then\n    # print error to STDERR\n    echo \"error: The sandbox is not in sync with the Podfile.lock. Run 'pod install' or update your CocoaPods installation.\" >&2\n    exit 1\nfi\n# This output is used by Xcode 'outputs' to avoid re-running this script phase.\necho \"SUCCESS\" > \"${SCRIPT_OUTPUT_FILE_0}\"\n";
			showEnvVarsInLog = 0;
		};
		22F236AC71F773AAAD398CCE /* [CP] Check Pods Manifest.lock */ = {
			isa = PBXShellScriptBuildPhase;
			buildActionMask = 2147483647;
			files = (
			);
			inputFileListPaths = (
			);
			inputPaths = (
				"${PODS_PODFILE_DIR_PATH}/Podfile.lock",
				"${PODS_ROOT}/Manifest.lock",
			);
			name = "[CP] Check Pods Manifest.lock";
			outputFileListPaths = (
			);
			outputPaths = (
				"$(DERIVED_FILE_DIR)/Pods-MovieFlix-MovieFlixUITests-checkManifestLockResult.txt",
			);
			runOnlyForDeploymentPostprocessing = 0;
			shellPath = /bin/sh;
			shellScript = "diff \"${PODS_PODFILE_DIR_PATH}/Podfile.lock\" \"${PODS_ROOT}/Manifest.lock\" > /dev/null\nif [ $? != 0 ] ; then\n    # print error to STDERR\n    echo \"error: The sandbox is not in sync with the Podfile.lock. Run 'pod install' or update your CocoaPods installation.\" >&2\n    exit 1\nfi\n# This output is used by Xcode 'outputs' to avoid re-running this script phase.\necho \"SUCCESS\" > \"${SCRIPT_OUTPUT_FILE_0}\"\n";
			showEnvVarsInLog = 0;
		};
		29D78CA72AE8D5FE001673F9 /* ShellScript */ = {
			isa = PBXShellScriptBuildPhase;
			buildActionMask = 2147483647;
			files = (
			);
			inputFileListPaths = (
			);
			inputPaths = (
			);
			outputFileListPaths = (
			);
			outputPaths = (
			);
			runOnlyForDeploymentPostprocessing = 0;
			shellPath = /bin/sh;
			shellScript = "export PATH=\"$PATH:/opt/homebrew/bin\"\nif which swiftlint > /dev/null; then\n swiftlint\nelse\n echo \"warning: SwiftLint not installed, download from https://github.com/realm/SwiftLint\"\nfi\n";
		};
		31714E35E66E9DC3BE072625 /* [CP] Embed Pods Frameworks */ = {
			isa = PBXShellScriptBuildPhase;
			buildActionMask = 2147483647;
			files = (
			);
			inputFileListPaths = (
				"${PODS_ROOT}/Target Support Files/Pods-MovieFlix/Pods-MovieFlix-frameworks-${CONFIGURATION}-input-files.xcfilelist",
			);
			name = "[CP] Embed Pods Frameworks";
			outputFileListPaths = (
				"${PODS_ROOT}/Target Support Files/Pods-MovieFlix/Pods-MovieFlix-frameworks-${CONFIGURATION}-output-files.xcfilelist",
			);
			runOnlyForDeploymentPostprocessing = 0;
			shellPath = /bin/sh;
			shellScript = "\"${PODS_ROOT}/Target Support Files/Pods-MovieFlix/Pods-MovieFlix-frameworks.sh\"\n";
			showEnvVarsInLog = 0;
		};
		5024879FFC6DC1D760C84A0A /* [CP] Check Pods Manifest.lock */ = {
			isa = PBXShellScriptBuildPhase;
			buildActionMask = 2147483647;
			files = (
			);
			inputFileListPaths = (
			);
			inputPaths = (
				"${PODS_PODFILE_DIR_PATH}/Podfile.lock",
				"${PODS_ROOT}/Manifest.lock",
			);
			name = "[CP] Check Pods Manifest.lock";
			outputFileListPaths = (
			);
			outputPaths = (
				"$(DERIVED_FILE_DIR)/Pods-MovieFlixTests-checkManifestLockResult.txt",
			);
			runOnlyForDeploymentPostprocessing = 0;
			shellPath = /bin/sh;
			shellScript = "diff \"${PODS_PODFILE_DIR_PATH}/Podfile.lock\" \"${PODS_ROOT}/Manifest.lock\" > /dev/null\nif [ $? != 0 ] ; then\n    # print error to STDERR\n    echo \"error: The sandbox is not in sync with the Podfile.lock. Run 'pod install' or update your CocoaPods installation.\" >&2\n    exit 1\nfi\n# This output is used by Xcode 'outputs' to avoid re-running this script phase.\necho \"SUCCESS\" > \"${SCRIPT_OUTPUT_FILE_0}\"\n";
			showEnvVarsInLog = 0;
		};
		9A1ADFDC42CC881FAEE7F5F4 /* [CP] Embed Pods Frameworks */ = {
			isa = PBXShellScriptBuildPhase;
			buildActionMask = 2147483647;
			files = (
			);
			inputFileListPaths = (
				"${PODS_ROOT}/Target Support Files/Pods-MovieFlix-MovieFlixUITests/Pods-MovieFlix-MovieFlixUITests-frameworks-${CONFIGURATION}-input-files.xcfilelist",
			);
			name = "[CP] Embed Pods Frameworks";
			outputFileListPaths = (
				"${PODS_ROOT}/Target Support Files/Pods-MovieFlix-MovieFlixUITests/Pods-MovieFlix-MovieFlixUITests-frameworks-${CONFIGURATION}-output-files.xcfilelist",
			);
			runOnlyForDeploymentPostprocessing = 0;
			shellPath = /bin/sh;
			shellScript = "\"${PODS_ROOT}/Target Support Files/Pods-MovieFlix-MovieFlixUITests/Pods-MovieFlix-MovieFlixUITests-frameworks.sh\"\n";
			showEnvVarsInLog = 0;
		};
/* End PBXShellScriptBuildPhase section */

/* Begin PBXSourcesBuildPhase section */
		29D78BD32AE003F0001673F9 /* Sources */ = {
			isa = PBXSourcesBuildPhase;
			buildActionMask = 2147483647;
			files = (
				29D78CD42AEA7280001673F9 /* TVShowPresenter.swift in Sources */,
				291CFDCB2AF5030000A82028 /* MovieDetailsProtocols.swift in Sources */,
				29D78CDE2AEBE448001673F9 /* TabBarControllerExtension.swift in Sources */,
				2952E3CC2AF3905100EAE371 /* CustomCVModel.swift in Sources */,
				29D78CBD2AEA269C001673F9 /* MovieTableViewCell.swift in Sources */,
				291CFDBE2AF4BA2F00A82028 /* CastDetailsRouter.swift in Sources */,
				291CFDBA2AF4BA2000A82028 /* CastDetailsPresenter.swift in Sources */,
				291CFDC52AF5014800A82028 /* HomeProtocols.swift in Sources */,
				29D78C3E2AE12F64001673F9 /* APIManager.swift in Sources */,
				29D78C592AE28E7D001673F9 /* EndPointTVShowItems.swift in Sources */,
				291CFDC32AF4F2CD00A82028 /* VideoModel.swift in Sources */,
				2952E3D62AF3E04C00EAE371 /* TVShowDetailsRouter.swift in Sources */,
				29D78CCC2AEA7094001673F9 /* MovieInteractor.swift in Sources */,
				29D78C142AE11581001673F9 /* TVShowsVC.swift in Sources */,
				2952E3D42AF3E04200EAE371 /* TVShowDetailsPresenter.swift in Sources */,
				291CFDB82AF4BA1900A82028 /* CastDetailsInteractor.swift in Sources */,
				29D78CDA2AEB98FA001673F9 /* CollectionViewClass.swift in Sources */,
				291CFDC92AF501E000A82028 /* TVShowProtocols.swift in Sources */,
				2952E3D22AF3E03500EAE371 /* TVShowDetailsInteractor.swift in Sources */,
				29D78BE52AE003F0001673F9 /* MovieFlix.xcdatamodeld in Sources */,
				29D78CD82AEA7294001673F9 /* TVShowRouter.swift in Sources */,
				29D78CD22AEA7278001673F9 /* TVShowInteractor.swift in Sources */,
				29D78BDB2AE003F0001673F9 /* AppDelegate.swift in Sources */,
				29D78CD02AEA70AC001673F9 /* MovieRouter.swift in Sources */,
				29D78CDC2AEBE43F001673F9 /* NavigationControllerExtension.swift in Sources */,
				29D78CCA2AEA5AEB001673F9 /* CollectionViewCell.swift in Sources */,
				29D78C4A2AE13B08001673F9 /* EndPointMovieItems.swift in Sources */,
				29D78CBA2AE8E321001673F9 /* HomeRouter.swift in Sources */,
				29D78CB62AE8E2F1001673F9 /* HomeInteractor.swift in Sources */,
				29D78C182AE115F1001673F9 /* TVShowDetailsVC.swift in Sources */,
				2952E3D02AF3D93000EAE371 /* LabelExtension.swift in Sources */,
				29D78CBF2AEA286F001673F9 /* UIImageViewExtension.swift in Sources */,
				29B037BC2AF23C0100354BED /* MovieDetailsEntity.swift in Sources */,
				29D78C102AE11563001673F9 /* HomeVC.swift in Sources */,
				2952E3D82AF3E06000EAE371 /* TVShowDetailsEntity.swift in Sources */,
				29D78CB82AE8E303001673F9 /* HomePresenter.swift in Sources */,
				29D78C442AE13204001673F9 /* CommonRepository.swift in Sources */,
				29D78C632AE2B449001673F9 /* CastListModel.swift in Sources */,
				29D78CCE2AEA70A2001673F9 /* MoviePresenter.swift in Sources */,
				29D78CC82AEA424D001673F9 /* CustomSectionHeaderView.swift in Sources */,
				291CFDC72AF501A500A82028 /* MoviesProtocol.swift in Sources */,
				29D78C402AE12FF5001673F9 /* Constants.swift in Sources */,
				29D78C5D2AE28F34001673F9 /* EndPointCastItems.swift in Sources */,
				29B037BE2AF283A400354BED /* MovieDetailsHeaderClass.swift in Sources */,
				2952E3CE2AF3B19B00EAE371 /* StringExtension.swift in Sources */,
				29D78C162AE115E0001673F9 /* MovieDetailsVC.swift in Sources */,
				29D78C4E2AE14055001673F9 /* HomeEntity.swift in Sources */,
				29D78BDD2AE003F0001673F9 /* SceneDelegate.swift in Sources */,
				29B037C02AF287A700354BED /* ViewExtension.swift in Sources */,
				29D78C4C2AE13BBA001673F9 /* ErrorEnum.swift in Sources */,
				29D78C652AE2B9F4001673F9 /* CastDetailsModel.swift in Sources */,
				29D78C0E2AE11249001673F9 /* MoviewFlixTBC.swift in Sources */,
				291CFDC12AF4E47F00A82028 /* YoutubeCVCell.swift in Sources */,
				29D78C5B2AE28E94001673F9 /* EndPointApiType.swift in Sources */,
				291CFDCD2AF5034700A82028 /* TVShowDetailsProtocols.swift in Sources */,
				29B037BA2AF23BEF00354BED /* MovieDetailsRouter.swift in Sources */,
				29D78C672AE2BBA2001673F9 /* CastImageModel.swift in Sources */,
				29D78CC62AEA2E56001673F9 /* FontExtension.swift in Sources */,
				29B037B62AF23BDD00354BED /* MovieDetailsInteractor.swift in Sources */,
				29D78C1A2AE11603001673F9 /* CastDetailsVC.swift in Sources */,
				29D78C122AE11572001673F9 /* MoviesVC.swift in Sources */,
				29B037B82AF23BE500354BED /* MovieDetailsPresenter.swift in Sources */,
				29D78C692AE2C210001673F9 /* CastMovieTVModel.swift in Sources */,
				291CFDCF2AF503D600A82028 /* CastDetailsProtocols.swift in Sources */,
				29D78CE02AEF8A09001673F9 /* MovieEnum.swift in Sources */,
				29AEC6722AF0F2B700FBE8B2 /* GenreCVCell.swift in Sources */,
			);
			runOnlyForDeploymentPostprocessing = 0;
		};
		29D78BEC2AE003F1001673F9 /* Sources */ = {
			isa = PBXSourcesBuildPhase;
			buildActionMask = 2147483647;
			files = (
				291CFDEA2AF8FC4B00A82028 /* TVShowTest.swift in Sources */,
				2982CA442AFB580300BCB35E /* MockUpcomingData.swift in Sources */,
				291CFDDB2AF8D4CF00A82028 /* HomeTest.swift in Sources */,
				2982CA3C2AFB491A00BCB35E /* MockCombineCastData.swift in Sources */,
				29E5F1502AFA1072006E5F75 /* TVShowDetailsTest.swift in Sources */,
				291CFDD62AF8D0F200A82028 /* MockCommonRepository.swift in Sources */,
				2982CA402AFB563800BCB35E /* MockVideoMovieData.swift in Sources */,
				2982CA482AFB58DF00BCB35E /* MockVideoTVData.swift in Sources */,
				29E5F15D2AFA4F3A006E5F75 /* MockTVShowCastData.swift in Sources */,
				291CFDE42AF8F94900A82028 /* MovieTest.swift in Sources */,
				29E5F1522AFA107E006E5F75 /* CastDetailsTest.swift in Sources */,
				29E5F1562AFA36B7006E5F75 /* MockCastDetailsData.swift in Sources */,
				2982CA422AFB57BB00BCB35E /* MockTopRatedMovieData.swift in Sources */,
				2982CA3E2AFB4B8800BCB35E /* MockCastImageData.swift in Sources */,
				29D78BF52AE003F1001673F9 /* MovieFlixTests.swift in Sources */,
				291CFDE62AF8FA5600A82028 /* MockTVShowData.swift in Sources */,
				291CFDD92AF8D19F00A82028 /* MockMovieData.swift in Sources */,
				29E5F1542AFA2600006E5F75 /* MockTVShowDetailsData.swift in Sources */,
				29E5F1582AFA3BE2006E5F75 /* MockMovieCastData.swift in Sources */,
				291CFDE22AF8F29E00A82028 /* MockMovieDetailsData.swift in Sources */,
				29E5F14E2AFA0F6B006E5F75 /* MovieDetailsTest.swift in Sources */,
				2982CA462AFB584D00BCB35E /* MockNowPlayingData.swift in Sources */,
			);
			runOnlyForDeploymentPostprocessing = 0;
		};
		29D78BF62AE003F1001673F9 /* Sources */ = {
			isa = PBXSourcesBuildPhase;
			buildActionMask = 2147483647;
			files = (
				29D78C012AE003F1001673F9 /* MovieFlixUITestsLaunchTests.swift in Sources */,
				29D78BFF2AE003F1001673F9 /* MovieFlixUITests.swift in Sources */,
			);
			runOnlyForDeploymentPostprocessing = 0;
		};
/* End PBXSourcesBuildPhase section */

/* Begin PBXTargetDependency section */
		29D78BF22AE003F1001673F9 /* PBXTargetDependency */ = {
			isa = PBXTargetDependency;
			target = 29D78BD62AE003F0001673F9 /* MovieFlix */;
			targetProxy = 29D78BF12AE003F1001673F9 /* PBXContainerItemProxy */;
		};
		29D78BFC2AE003F1001673F9 /* PBXTargetDependency */ = {
			isa = PBXTargetDependency;
			target = 29D78BD62AE003F0001673F9 /* MovieFlix */;
			targetProxy = 29D78BFB2AE003F1001673F9 /* PBXContainerItemProxy */;
		};
/* End PBXTargetDependency section */

/* Begin PBXVariantGroup section */
		29D78BE82AE003F1001673F9 /* LaunchScreen.storyboard */ = {
			isa = PBXVariantGroup;
			children = (
				29D78BE92AE003F1001673F9 /* Base */,
			);
			name = LaunchScreen.storyboard;
			sourceTree = "<group>";
		};
/* End PBXVariantGroup section */

/* Begin XCBuildConfiguration section */
		29D78C022AE003F1001673F9 /* Debug */ = {
			isa = XCBuildConfiguration;
			buildSettings = {
				ALWAYS_SEARCH_USER_PATHS = NO;
				CLANG_ANALYZER_NONNULL = YES;
				CLANG_ANALYZER_NUMBER_OBJECT_CONVERSION = YES_AGGRESSIVE;
				CLANG_CXX_LANGUAGE_STANDARD = "gnu++20";
				CLANG_ENABLE_MODULES = YES;
				CLANG_ENABLE_OBJC_ARC = YES;
				CLANG_ENABLE_OBJC_WEAK = YES;
				CLANG_WARN_BLOCK_CAPTURE_AUTORELEASING = YES;
				CLANG_WARN_BOOL_CONVERSION = YES;
				CLANG_WARN_COMMA = YES;
				CLANG_WARN_CONSTANT_CONVERSION = YES;
				CLANG_WARN_DEPRECATED_OBJC_IMPLEMENTATIONS = YES;
				CLANG_WARN_DIRECT_OBJC_ISA_USAGE = YES_ERROR;
				CLANG_WARN_DOCUMENTATION_COMMENTS = YES;
				CLANG_WARN_EMPTY_BODY = YES;
				CLANG_WARN_ENUM_CONVERSION = YES;
				CLANG_WARN_INFINITE_RECURSION = YES;
				CLANG_WARN_INT_CONVERSION = YES;
				CLANG_WARN_NON_LITERAL_NULL_CONVERSION = YES;
				CLANG_WARN_OBJC_IMPLICIT_RETAIN_SELF = YES;
				CLANG_WARN_OBJC_LITERAL_CONVERSION = YES;
				CLANG_WARN_OBJC_ROOT_CLASS = YES_ERROR;
				CLANG_WARN_QUOTED_INCLUDE_IN_FRAMEWORK_HEADER = YES;
				CLANG_WARN_RANGE_LOOP_ANALYSIS = YES;
				CLANG_WARN_STRICT_PROTOTYPES = YES;
				CLANG_WARN_SUSPICIOUS_MOVE = YES;
				CLANG_WARN_UNGUARDED_AVAILABILITY = YES_AGGRESSIVE;
				CLANG_WARN_UNREACHABLE_CODE = YES;
				CLANG_WARN__DUPLICATE_METHOD_MATCH = YES;
				COPY_PHASE_STRIP = NO;
				DEBUG_INFORMATION_FORMAT = dwarf;
				ENABLE_STRICT_OBJC_MSGSEND = YES;
				ENABLE_TESTABILITY = YES;
				GCC_C_LANGUAGE_STANDARD = gnu11;
				GCC_DYNAMIC_NO_PIC = NO;
				GCC_NO_COMMON_BLOCKS = YES;
				GCC_OPTIMIZATION_LEVEL = 0;
				GCC_PREPROCESSOR_DEFINITIONS = (
					"DEBUG=1",
					"$(inherited)",
				);
				GCC_WARN_64_TO_32_BIT_CONVERSION = YES;
				GCC_WARN_ABOUT_RETURN_TYPE = YES_ERROR;
				GCC_WARN_UNDECLARED_SELECTOR = YES;
				GCC_WARN_UNINITIALIZED_AUTOS = YES_AGGRESSIVE;
				GCC_WARN_UNUSED_FUNCTION = YES;
				GCC_WARN_UNUSED_VARIABLE = YES;
				IPHONEOS_DEPLOYMENT_TARGET = 16.4;
				MTL_ENABLE_DEBUG_INFO = INCLUDE_SOURCE;
				MTL_FAST_MATH = YES;
				ONLY_ACTIVE_ARCH = YES;
				SDKROOT = iphoneos;
				SWIFT_ACTIVE_COMPILATION_CONDITIONS = DEBUG;
				SWIFT_OPTIMIZATION_LEVEL = "-Onone";
			};
			name = Debug;
		};
		29D78C032AE003F1001673F9 /* Release */ = {
			isa = XCBuildConfiguration;
			buildSettings = {
				ALWAYS_SEARCH_USER_PATHS = NO;
				CLANG_ANALYZER_NONNULL = YES;
				CLANG_ANALYZER_NUMBER_OBJECT_CONVERSION = YES_AGGRESSIVE;
				CLANG_CXX_LANGUAGE_STANDARD = "gnu++20";
				CLANG_ENABLE_MODULES = YES;
				CLANG_ENABLE_OBJC_ARC = YES;
				CLANG_ENABLE_OBJC_WEAK = YES;
				CLANG_WARN_BLOCK_CAPTURE_AUTORELEASING = YES;
				CLANG_WARN_BOOL_CONVERSION = YES;
				CLANG_WARN_COMMA = YES;
				CLANG_WARN_CONSTANT_CONVERSION = YES;
				CLANG_WARN_DEPRECATED_OBJC_IMPLEMENTATIONS = YES;
				CLANG_WARN_DIRECT_OBJC_ISA_USAGE = YES_ERROR;
				CLANG_WARN_DOCUMENTATION_COMMENTS = YES;
				CLANG_WARN_EMPTY_BODY = YES;
				CLANG_WARN_ENUM_CONVERSION = YES;
				CLANG_WARN_INFINITE_RECURSION = YES;
				CLANG_WARN_INT_CONVERSION = YES;
				CLANG_WARN_NON_LITERAL_NULL_CONVERSION = YES;
				CLANG_WARN_OBJC_IMPLICIT_RETAIN_SELF = YES;
				CLANG_WARN_OBJC_LITERAL_CONVERSION = YES;
				CLANG_WARN_OBJC_ROOT_CLASS = YES_ERROR;
				CLANG_WARN_QUOTED_INCLUDE_IN_FRAMEWORK_HEADER = YES;
				CLANG_WARN_RANGE_LOOP_ANALYSIS = YES;
				CLANG_WARN_STRICT_PROTOTYPES = YES;
				CLANG_WARN_SUSPICIOUS_MOVE = YES;
				CLANG_WARN_UNGUARDED_AVAILABILITY = YES_AGGRESSIVE;
				CLANG_WARN_UNREACHABLE_CODE = YES;
				CLANG_WARN__DUPLICATE_METHOD_MATCH = YES;
				COPY_PHASE_STRIP = NO;
				DEBUG_INFORMATION_FORMAT = "dwarf-with-dsym";
				ENABLE_NS_ASSERTIONS = NO;
				ENABLE_STRICT_OBJC_MSGSEND = YES;
				GCC_C_LANGUAGE_STANDARD = gnu11;
				GCC_NO_COMMON_BLOCKS = YES;
				GCC_WARN_64_TO_32_BIT_CONVERSION = YES;
				GCC_WARN_ABOUT_RETURN_TYPE = YES_ERROR;
				GCC_WARN_UNDECLARED_SELECTOR = YES;
				GCC_WARN_UNINITIALIZED_AUTOS = YES_AGGRESSIVE;
				GCC_WARN_UNUSED_FUNCTION = YES;
				GCC_WARN_UNUSED_VARIABLE = YES;
				IPHONEOS_DEPLOYMENT_TARGET = 16.4;
				MTL_ENABLE_DEBUG_INFO = NO;
				MTL_FAST_MATH = YES;
				SDKROOT = iphoneos;
				SWIFT_COMPILATION_MODE = wholemodule;
				SWIFT_OPTIMIZATION_LEVEL = "-O";
				VALIDATE_PRODUCT = YES;
			};
			name = Release;
		};
		29D78C052AE003F1001673F9 /* Debug */ = {
			isa = XCBuildConfiguration;
			baseConfigurationReference = 3ABD94452D7D07FE8BAA478E /* Pods-MovieFlix.debug.xcconfig */;
			buildSettings = {
				ASSETCATALOG_COMPILER_APPICON_NAME = AppIcon;
				ASSETCATALOG_COMPILER_GLOBAL_ACCENT_COLOR_NAME = AccentColor;
				CODE_SIGN_STYLE = Automatic;
				CURRENT_PROJECT_VERSION = 1;
				GENERATE_INFOPLIST_FILE = YES;
				INFOPLIST_FILE = MovieFlix/Info.plist;
				INFOPLIST_KEY_UIApplicationSupportsIndirectInputEvents = YES;
				INFOPLIST_KEY_UILaunchStoryboardName = LaunchScreen;
				INFOPLIST_KEY_UISupportedInterfaceOrientations_iPad = "UIInterfaceOrientationPortrait UIInterfaceOrientationPortraitUpsideDown UIInterfaceOrientationLandscapeLeft UIInterfaceOrientationLandscapeRight";
				INFOPLIST_KEY_UISupportedInterfaceOrientations_iPhone = "UIInterfaceOrientationPortrait UIInterfaceOrientationLandscapeLeft UIInterfaceOrientationLandscapeRight";
				LD_RUNPATH_SEARCH_PATHS = (
					"$(inherited)",
					"@executable_path/Frameworks",
				);
				MARKETING_VERSION = 1.0;
				PRODUCT_BUNDLE_IDENTIFIER = com.xcode.MovieFlix;
				PRODUCT_NAME = "$(TARGET_NAME)";
				SWIFT_EMIT_LOC_STRINGS = YES;
				SWIFT_VERSION = 5.0;
				TARGETED_DEVICE_FAMILY = "1,2";
			};
			name = Debug;
		};
		29D78C062AE003F1001673F9 /* Release */ = {
			isa = XCBuildConfiguration;
			baseConfigurationReference = 82B41A5FDC945604BBEC606A /* Pods-MovieFlix.release.xcconfig */;
			buildSettings = {
				ASSETCATALOG_COMPILER_APPICON_NAME = AppIcon;
				ASSETCATALOG_COMPILER_GLOBAL_ACCENT_COLOR_NAME = AccentColor;
				CODE_SIGN_STYLE = Automatic;
				CURRENT_PROJECT_VERSION = 1;
				GENERATE_INFOPLIST_FILE = YES;
				INFOPLIST_FILE = MovieFlix/Info.plist;
				INFOPLIST_KEY_UIApplicationSupportsIndirectInputEvents = YES;
				INFOPLIST_KEY_UILaunchStoryboardName = LaunchScreen;
				INFOPLIST_KEY_UISupportedInterfaceOrientations_iPad = "UIInterfaceOrientationPortrait UIInterfaceOrientationPortraitUpsideDown UIInterfaceOrientationLandscapeLeft UIInterfaceOrientationLandscapeRight";
				INFOPLIST_KEY_UISupportedInterfaceOrientations_iPhone = "UIInterfaceOrientationPortrait UIInterfaceOrientationLandscapeLeft UIInterfaceOrientationLandscapeRight";
				LD_RUNPATH_SEARCH_PATHS = (
					"$(inherited)",
					"@executable_path/Frameworks",
				);
				MARKETING_VERSION = 1.0;
				PRODUCT_BUNDLE_IDENTIFIER = com.xcode.MovieFlix;
				PRODUCT_NAME = "$(TARGET_NAME)";
				SWIFT_EMIT_LOC_STRINGS = YES;
				SWIFT_VERSION = 5.0;
				TARGETED_DEVICE_FAMILY = "1,2";
			};
			name = Release;
		};
		29D78C082AE003F1001673F9 /* Debug */ = {
			isa = XCBuildConfiguration;
			baseConfigurationReference = 5AAE3697C34E8C4225015C6B /* Pods-MovieFlixTests.debug.xcconfig */;
			buildSettings = {
				ALWAYS_EMBED_SWIFT_STANDARD_LIBRARIES = YES;
				BUNDLE_LOADER = "$(TEST_HOST)";
				CODE_SIGN_STYLE = Automatic;
				CURRENT_PROJECT_VERSION = 1;
				GENERATE_INFOPLIST_FILE = YES;
				IPHONEOS_DEPLOYMENT_TARGET = 16.4;
				MARKETING_VERSION = 1.0;
				PRODUCT_BUNDLE_IDENTIFIER = com.xcode.MovieFlixTests;
				PRODUCT_NAME = "$(TARGET_NAME)";
				SWIFT_EMIT_LOC_STRINGS = NO;
				SWIFT_VERSION = 5.0;
				TARGETED_DEVICE_FAMILY = "1,2";
				TEST_HOST = "$(BUILT_PRODUCTS_DIR)/MovieFlix.app/$(BUNDLE_EXECUTABLE_FOLDER_PATH)/MovieFlix";
			};
			name = Debug;
		};
		29D78C092AE003F1001673F9 /* Release */ = {
			isa = XCBuildConfiguration;
			baseConfigurationReference = 403A2E58365D3854D724BAD6 /* Pods-MovieFlixTests.release.xcconfig */;
			buildSettings = {
				ALWAYS_EMBED_SWIFT_STANDARD_LIBRARIES = YES;
				BUNDLE_LOADER = "$(TEST_HOST)";
				CODE_SIGN_STYLE = Automatic;
				CURRENT_PROJECT_VERSION = 1;
				GENERATE_INFOPLIST_FILE = YES;
				IPHONEOS_DEPLOYMENT_TARGET = 16.4;
				MARKETING_VERSION = 1.0;
				PRODUCT_BUNDLE_IDENTIFIER = com.xcode.MovieFlixTests;
				PRODUCT_NAME = "$(TARGET_NAME)";
				SWIFT_EMIT_LOC_STRINGS = NO;
				SWIFT_VERSION = 5.0;
				TARGETED_DEVICE_FAMILY = "1,2";
				TEST_HOST = "$(BUILT_PRODUCTS_DIR)/MovieFlix.app/$(BUNDLE_EXECUTABLE_FOLDER_PATH)/MovieFlix";
			};
			name = Release;
		};
		29D78C0B2AE003F1001673F9 /* Debug */ = {
			isa = XCBuildConfiguration;
			baseConfigurationReference = 2D1244EBEF79D3C747C972C9 /* Pods-MovieFlix-MovieFlixUITests.debug.xcconfig */;
			buildSettings = {
				ALWAYS_EMBED_SWIFT_STANDARD_LIBRARIES = YES;
				CODE_SIGN_STYLE = Automatic;
				CURRENT_PROJECT_VERSION = 1;
				GENERATE_INFOPLIST_FILE = YES;
				MARKETING_VERSION = 1.0;
				PRODUCT_BUNDLE_IDENTIFIER = com.xcode.MovieFlixUITests;
				PRODUCT_NAME = "$(TARGET_NAME)";
				SWIFT_EMIT_LOC_STRINGS = NO;
				SWIFT_VERSION = 5.0;
				TARGETED_DEVICE_FAMILY = "1,2";
				TEST_TARGET_NAME = MovieFlix;
			};
			name = Debug;
		};
		29D78C0C2AE003F1001673F9 /* Release */ = {
			isa = XCBuildConfiguration;
			baseConfigurationReference = 234451CE93AABA5FDA67731E /* Pods-MovieFlix-MovieFlixUITests.release.xcconfig */;
			buildSettings = {
				ALWAYS_EMBED_SWIFT_STANDARD_LIBRARIES = YES;
				CODE_SIGN_STYLE = Automatic;
				CURRENT_PROJECT_VERSION = 1;
				GENERATE_INFOPLIST_FILE = YES;
				MARKETING_VERSION = 1.0;
				PRODUCT_BUNDLE_IDENTIFIER = com.xcode.MovieFlixUITests;
				PRODUCT_NAME = "$(TARGET_NAME)";
				SWIFT_EMIT_LOC_STRINGS = NO;
				SWIFT_VERSION = 5.0;
				TARGETED_DEVICE_FAMILY = "1,2";
				TEST_TARGET_NAME = MovieFlix;
			};
			name = Release;
		};
/* End XCBuildConfiguration section */

/* Begin XCConfigurationList section */
		29D78BD22AE003F0001673F9 /* Build configuration list for PBXProject "MovieFlix" */ = {
			isa = XCConfigurationList;
			buildConfigurations = (
				29D78C022AE003F1001673F9 /* Debug */,
				29D78C032AE003F1001673F9 /* Release */,
			);
			defaultConfigurationIsVisible = 0;
			defaultConfigurationName = Release;
		};
		29D78C042AE003F1001673F9 /* Build configuration list for PBXNativeTarget "MovieFlix" */ = {
			isa = XCConfigurationList;
			buildConfigurations = (
				29D78C052AE003F1001673F9 /* Debug */,
				29D78C062AE003F1001673F9 /* Release */,
			);
			defaultConfigurationIsVisible = 0;
			defaultConfigurationName = Release;
		};
		29D78C072AE003F1001673F9 /* Build configuration list for PBXNativeTarget "MovieFlixTests" */ = {
			isa = XCConfigurationList;
			buildConfigurations = (
				29D78C082AE003F1001673F9 /* Debug */,
				29D78C092AE003F1001673F9 /* Release */,
			);
			defaultConfigurationIsVisible = 0;
			defaultConfigurationName = Release;
		};
		29D78C0A2AE003F1001673F9 /* Build configuration list for PBXNativeTarget "MovieFlixUITests" */ = {
			isa = XCConfigurationList;
			buildConfigurations = (
				29D78C0B2AE003F1001673F9 /* Debug */,
				29D78C0C2AE003F1001673F9 /* Release */,
			);
			defaultConfigurationIsVisible = 0;
			defaultConfigurationName = Release;
		};
/* End XCConfigurationList section */

/* Begin XCVersionGroup section */
		29D78BE32AE003F0001673F9 /* MovieFlix.xcdatamodeld */ = {
			isa = XCVersionGroup;
			children = (
				29D78BE42AE003F0001673F9 /* MovieFlix.xcdatamodel */,
			);
			currentVersion = 29D78BE42AE003F0001673F9 /* MovieFlix.xcdatamodel */;
			path = MovieFlix.xcdatamodeld;
			sourceTree = "<group>";
			versionGroupType = wrapper.xcdatamodel;
		};
/* End XCVersionGroup section */
	};
	rootObject = 29D78BCF2AE003F0001673F9 /* Project object */;
}
